
Microsoft Visual Studio Solution File, Format Version 11.00
# Visual Studio 2010
Project("{8BC9CEB8-8B4A-11D0-8D11-00A0C91BC942}") = "Bullet3Common", "Bullet3Common.vcxproj", "{6136D67D-0945-EA45-9829-E25672F806BA}"
EndProject
Project("{8BC9CEB8-8B4A-11D0-8D11-00A0C91BC942}") = "Bullet3Geometry", "Bullet3Geometry.vcxproj", "{16E01C49-EF9C-874A-9C3A-A38E2D65E459}"
EndProject
Project("{8BC9CEB8-8B4A-11D0-8D11-00A0C91BC942}") = "Bullet3Collision", "Bullet3Collision.vcxproj", "{B4DA16C9-D0BB-EC4C-B341-752A92C73F82}"
EndProject
Project("{8BC9CEB8-8B4A-11D0-8D11-00A0C91BC942}") = "Bullet3Dynamics", "Bullet3Dynamics.vcxproj", "{A6ECECFD-626E-174E-8F53-51F997308D54}"
EndProject
Project("{8BC9CEB8-8B4A-11D0-8D11-00A0C91BC942}") = "Bullet3OpenCL_clew", "Bullet3OpenCL_clew.vcxproj", "{89E6D513-C39C-EA4C-AB16-2D8B5A95C2A5}"
EndProject
Project("{8BC9CEB8-8B4A-11D0-8D11-00A0C91BC942}") = "Bullet2FileLoader", "Bullet2FileLoader.vcxproj", "{419D6C96-88A2-8447-BB1F-5F3E0A52F9AB}"
EndProject
Project("{8BC9CEB8-8B4A-11D0-8D11-00A0C91BC942}") = "HACD", "HACD.vcxproj", "{3A6C7105-4983-9246-9FEC-A064A41F294B}"
EndProject
Project("{8BC9CEB8-8B4A-11D0-8D11-00A0C91BC942}") = "ConvexDecomposition", "ConvexDecomposition.vcxproj", "{1509F574-8DAB-4C49-BD8B-6C3EFD8E46AA}"
EndProject
Project("{8BC9CEB8-8B4A-11D0-8D11-00A0C91BC942}") = "BulletInverseDynamicsUtils", "BulletInverseDynamicsUtils.vcxproj", "{439B1A97-F5C1-8642-A307-4F5CDD26A357}"
EndProject
Project("{8BC9CEB8-8B4A-11D0-8D11-00A0C91BC942}") = "BulletFileLoader", "BulletFileLoader.vcxproj", "{015FC8AC-F615-3744-A250-C71C0292EF77}"
EndProject
Project("{8BC9CEB8-8B4A-11D0-8D11-00A0C91BC942}") = "BulletWorldImporter", "BulletWorldImporter.vcxproj", "{706A33A0-A5C1-E64E-AE6B-BA64D39A8F0F}"
EndProject
Project("{8BC9CEB8-8B4A-11D0-8D11-00A0C91BC942}") = "BulletXmlWorldImporter", "BulletXmlWorldImporter.vcxproj", "{EB0BC9B7-04CC-EE48-9DF7-30096B5C7CFD}"
EndProject
Project("{8BC9CEB8-8B4A-11D0-8D11-00A0C91BC942}") = "App_ExampleBrowser", "App_ExampleBrowser.vcxproj", "{1FB98AFB-2E05-9A45-9768-8C71ECC38228}"
	ProjectSection(ProjectDependencies) = postProject
		{75E6E684-480A-4848-B8D3-82D65EA09798} = {75E6E684-480A-4848-B8D3-82D65EA09798}
		{57D9B8AF-B9B9-F14E-84C4-D803F14BFC34} = {57D9B8AF-B9B9-F14E-84C4-D803F14BFC34}
		{18AF416D-BDC5-7949-A133-64457FA5EA56} = {18AF416D-BDC5-7949-A133-64457FA5EA56}
		{439B1A97-F5C1-8642-A307-4F5CDD26A357} = {439B1A97-F5C1-8642-A307-4F5CDD26A357}
		{F5EE0CA0-050B-D041-9D41-2D26E387BC20} = {F5EE0CA0-050B-D041-9D41-2D26E387BC20}
		{86BB4F25-4B75-0B42-B68C-33166FA6C8FB} = {86BB4F25-4B75-0B42-B68C-33166FA6C8FB}
		{754475E5-0CE6-9C4A-B2FA-FDDC69BAE6F3} = {754475E5-0CE6-9C4A-B2FA-FDDC69BAE6F3}
		{B731F10F-2437-1C42-ACE8-BC1667B7B747} = {B731F10F-2437-1C42-ACE8-BC1667B7B747}
		{6136D67D-0945-EA45-9829-E25672F806BA} = {6136D67D-0945-EA45-9829-E25672F806BA}
		{89E6D513-C39C-EA4C-AB16-2D8B5A95C2A5} = {89E6D513-C39C-EA4C-AB16-2D8B5A95C2A5}
		{A6ECECFD-626E-174E-8F53-51F997308D54} = {A6ECECFD-626E-174E-8F53-51F997308D54}
		{B4DA16C9-D0BB-EC4C-B341-752A92C73F82} = {B4DA16C9-D0BB-EC4C-B341-752A92C73F82}
		{16E01C49-EF9C-874A-9C3A-A38E2D65E459} = {16E01C49-EF9C-874A-9C3A-A38E2D65E459}
	EndProjectSection
EndProject
Project("{8BC9CEB8-8B4A-11D0-8D11-00A0C91BC942}") = "OpenGL_Window", "OpenGL_Window.vcxproj", "{57D9B8AF-B9B9-F14E-84C4-D803F14BFC34}"
EndProject
Project("{8BC9CEB8-8B4A-11D0-8D11-00A0C91BC942}") = "gwen", "gwen.vcxproj", "{75E6E684-480A-4848-B8D3-82D65EA09798}"
EndProject
Project("{8BC9CEB8-8B4A-11D0-8D11-00A0C91BC942}") = "App_HelloWorld", "App_HelloWorld.vcxproj", "{0511C043-CBB1-4D47-A383-57B43F5639DA}"
	ProjectSection(ProjectDependencies) = postProject
		{86BB4F25-4B75-0B42-B68C-33166FA6C8FB} = {86BB4F25-4B75-0B42-B68C-33166FA6C8FB}
		{754475E5-0CE6-9C4A-B2FA-FDDC69BAE6F3} = {754475E5-0CE6-9C4A-B2FA-FDDC69BAE6F3}
		{B731F10F-2437-1C42-ACE8-BC1667B7B747} = {B731F10F-2437-1C42-ACE8-BC1667B7B747}
	EndProjectSection
EndProject
Project("{8BC9CEB8-8B4A-11D0-8D11-00A0C91BC942}") = "App_BasicExample", "App_BasicExample.vcxproj", "{7638A6FE-5245-0F4B-82D9-407C835F32D3}"
	ProjectSection(ProjectDependencies) = postProject
		{86BB4F25-4B75-0B42-B68C-33166FA6C8FB} = {86BB4F25-4B75-0B42-B68C-33166FA6C8FB}
		{754475E5-0CE6-9C4A-B2FA-FDDC69BAE6F3} = {754475E5-0CE6-9C4A-B2FA-FDDC69BAE6F3}
		{B731F10F-2437-1C42-ACE8-BC1667B7B747} = {B731F10F-2437-1C42-ACE8-BC1667B7B747}
	EndProjectSection
EndProject
Project("{8BC9CEB8-8B4A-11D0-8D11-00A0C91BC942}") = "App_SharedMemoryPhysics", "App_SharedMemoryPhysics.vcxproj", "{9729B39D-169D-6845-9718-D4D937C8837F}"
	ProjectSection(ProjectDependencies) = postProject
		{6136D67D-0945-EA45-9829-E25672F806BA} = {6136D67D-0945-EA45-9829-E25672F806BA}
		{86BB4F25-4B75-0B42-B68C-33166FA6C8FB} = {86BB4F25-4B75-0B42-B68C-33166FA6C8FB}
		{754475E5-0CE6-9C4A-B2FA-FDDC69BAE6F3} = {754475E5-0CE6-9C4A-B2FA-FDDC69BAE6F3}
		{B731F10F-2437-1C42-ACE8-BC1667B7B747} = {B731F10F-2437-1C42-ACE8-BC1667B7B747}
	EndProjectSection
EndProject
Project("{8BC9CEB8-8B4A-11D0-8D11-00A0C91BC942}") = "App_ThreadingTest", "App_ThreadingTest.vcxproj", "{3E52F450-321A-0144-9193-D63FC31C6552}"
	ProjectSection(ProjectDependencies) = postProject
		{6136D67D-0945-EA45-9829-E25672F806BA} = {6136D67D-0945-EA45-9829-E25672F806BA}
	EndProjectSection
EndProject
Project("{8BC9CEB8-8B4A-11D0-8D11-00A0C91BC942}") = "Test_SharedMemoryPhysicsClient", "Test_SharedMemoryPhysicsClient.vcxproj", "{7CC9F5EF-5E64-5045-961A-9077B5709C31}"
	ProjectSection(ProjectDependencies) = postProject
		{015FC8AC-F615-3744-A250-C71C0292EF77} = {015FC8AC-F615-3744-A250-C71C0292EF77}
		{6136D67D-0945-EA45-9829-E25672F806BA} = {6136D67D-0945-EA45-9829-E25672F806BA}
		{B731F10F-2437-1C42-ACE8-BC1667B7B747} = {B731F10F-2437-1C42-ACE8-BC1667B7B747}
	EndProjectSection
EndProject
Project("{8BC9CEB8-8B4A-11D0-8D11-00A0C91BC942}") = "Test_PhysicsServerLoopBack", "Test_PhysicsServerLoopBack.vcxproj", "{CE007161-D5EE-9948-B130-DA5BBD64CFC3}"
	ProjectSection(ProjectDependencies) = postProject
		{015FC8AC-F615-3744-A250-C71C0292EF77} = {015FC8AC-F615-3744-A250-C71C0292EF77}
		{706A33A0-A5C1-E64E-AE6B-BA64D39A8F0F} = {706A33A0-A5C1-E64E-AE6B-BA64D39A8F0F}
		{6136D67D-0945-EA45-9829-E25672F806BA} = {6136D67D-0945-EA45-9829-E25672F806BA}
		{86BB4F25-4B75-0B42-B68C-33166FA6C8FB} = {86BB4F25-4B75-0B42-B68C-33166FA6C8FB}
		{754475E5-0CE6-9C4A-B2FA-FDDC69BAE6F3} = {754475E5-0CE6-9C4A-B2FA-FDDC69BAE6F3}
		{B731F10F-2437-1C42-ACE8-BC1667B7B747} = {B731F10F-2437-1C42-ACE8-BC1667B7B747}
	EndProjectSection
EndProject
Project("{8BC9CEB8-8B4A-11D0-8D11-00A0C91BC942}") = "Test_PhysicsServerDirect", "Test_PhysicsServerDirect.vcxproj", "{388C7494-A4AB-6F43-85FA-F4303B0EBD03}"
	ProjectSection(ProjectDependencies) = postProject
		{015FC8AC-F615-3744-A250-C71C0292EF77} = {015FC8AC-F615-3744-A250-C71C0292EF77}
		{706A33A0-A5C1-E64E-AE6B-BA64D39A8F0F} = {706A33A0-A5C1-E64E-AE6B-BA64D39A8F0F}
		{6136D67D-0945-EA45-9829-E25672F806BA} = {6136D67D-0945-EA45-9829-E25672F806BA}
		{86BB4F25-4B75-0B42-B68C-33166FA6C8FB} = {86BB4F25-4B75-0B42-B68C-33166FA6C8FB}
		{754475E5-0CE6-9C4A-B2FA-FDDC69BAE6F3} = {754475E5-0CE6-9C4A-B2FA-FDDC69BAE6F3}
		{B731F10F-2437-1C42-ACE8-BC1667B7B747} = {B731F10F-2437-1C42-ACE8-BC1667B7B747}
	EndProjectSection
EndProject
Project("{8BC9CEB8-8B4A-11D0-8D11-00A0C91BC942}") = "Test_LinearMath", "Test_LinearMath.vcxproj", "{E39779BA-4BF0-9342-BED9-71F130F3A56F}"
	ProjectSection(ProjectDependencies) = postProject
		{86BB4F25-4B75-0B42-B68C-33166FA6C8FB} = {86BB4F25-4B75-0B42-B68C-33166FA6C8FB}
		{754475E5-0CE6-9C4A-B2FA-FDDC69BAE6F3} = {754475E5-0CE6-9C4A-B2FA-FDDC69BAE6F3}
		{B731F10F-2437-1C42-ACE8-BC1667B7B747} = {B731F10F-2437-1C42-ACE8-BC1667B7B747}
	EndProjectSection
EndProject
Project("{8BC9CEB8-8B4A-11D0-8D11-00A0C91BC942}") = "gtest", "gtest.vcxproj", "{B3B57416-BA3C-8048-BEA5-2DA5D2E0C83D}"
EndProject
Project("{8BC9CEB8-8B4A-11D0-8D11-00A0C91BC942}") = "Test_BulletCollision", "Test_BulletCollision.vcxproj", "{8B0DFB8E-0CDB-C344-ABB9-4DB6DDE7802F}"
	ProjectSection(ProjectDependencies) = postProject
		{B731F10F-2437-1C42-ACE8-BC1667B7B747} = {B731F10F-2437-1C42-ACE8-BC1667B7B747}
		{B3B57416-BA3C-8048-BEA5-2DA5D2E0C83D} = {B3B57416-BA3C-8048-BEA5-2DA5D2E0C83D}
	EndProjectSection
EndProject
Project("{8BC9CEB8-8B4A-11D0-8D11-00A0C91BC942}") = "Test_BulletDynamics", "Test_BulletDynamics.vcxproj", "{C93FD255-AC21-8747-8191-AE9CDDA1733D}"
	ProjectSection(ProjectDependencies) = postProject
		{86BB4F25-4B75-0B42-B68C-33166FA6C8FB} = {86BB4F25-4B75-0B42-B68C-33166FA6C8FB}
		{754475E5-0CE6-9C4A-B2FA-FDDC69BAE6F3} = {754475E5-0CE6-9C4A-B2FA-FDDC69BAE6F3}
		{B731F10F-2437-1C42-ACE8-BC1667B7B747} = {B731F10F-2437-1C42-ACE8-BC1667B7B747}
		{B3B57416-BA3C-8048-BEA5-2DA5D2E0C83D} = {B3B57416-BA3C-8048-BEA5-2DA5D2E0C83D}
	EndProjectSection
EndProject
Project("{8BC9CEB8-8B4A-11D0-8D11-00A0C91BC942}") = "Test_InverseDynamicsKinematics", "Test_InverseDynamicsKinematics.vcxproj", "{BA7E83B7-FEA7-3A40-B109-FDE7D997ACB0}"
	ProjectSection(ProjectDependencies) = postProject
		{439B1A97-F5C1-8642-A307-4F5CDD26A357} = {439B1A97-F5C1-8642-A307-4F5CDD26A357}
		{F5EE0CA0-050B-D041-9D41-2D26E387BC20} = {F5EE0CA0-050B-D041-9D41-2D26E387BC20}
		{6136D67D-0945-EA45-9829-E25672F806BA} = {6136D67D-0945-EA45-9829-E25672F806BA}
		{B731F10F-2437-1C42-ACE8-BC1667B7B747} = {B731F10F-2437-1C42-ACE8-BC1667B7B747}
		{B3B57416-BA3C-8048-BEA5-2DA5D2E0C83D} = {B3B57416-BA3C-8048-BEA5-2DA5D2E0C83D}
	EndProjectSection
EndProject
Project("{8BC9CEB8-8B4A-11D0-8D11-00A0C91BC942}") = "Test_InverseForwardDynamics", "Test_InverseForwardDynamics.vcxproj", "{94CE69C2-47E4-C343-A4BE-2C703AC62809}"
	ProjectSection(ProjectDependencies) = postProject
		{86BB4F25-4B75-0B42-B68C-33166FA6C8FB} = {86BB4F25-4B75-0B42-B68C-33166FA6C8FB}
		{754475E5-0CE6-9C4A-B2FA-FDDC69BAE6F3} = {754475E5-0CE6-9C4A-B2FA-FDDC69BAE6F3}
		{439B1A97-F5C1-8642-A307-4F5CDD26A357} = {439B1A97-F5C1-8642-A307-4F5CDD26A357}
		{F5EE0CA0-050B-D041-9D41-2D26E387BC20} = {F5EE0CA0-050B-D041-9D41-2D26E387BC20}
		{6136D67D-0945-EA45-9829-E25672F806BA} = {6136D67D-0945-EA45-9829-E25672F806BA}
		{B731F10F-2437-1C42-ACE8-BC1667B7B747} = {B731F10F-2437-1C42-ACE8-BC1667B7B747}
		{B3B57416-BA3C-8048-BEA5-2DA5D2E0C83D} = {B3B57416-BA3C-8048-BEA5-2DA5D2E0C83D}
	EndProjectSection
EndProject
Project("{8BC9CEB8-8B4A-11D0-8D11-00A0C91BC942}") = "Test_OpenCL_Bullet3", "Test_OpenCL_Bullet3.vcxproj", "{BAC58003-FAD3-E046-A266-5F5B53A7CD9D}"
	ProjectSection(ProjectDependencies) = postProject
		{B3B57416-BA3C-8048-BEA5-2DA5D2E0C83D} = {B3B57416-BA3C-8048-BEA5-2DA5D2E0C83D}
		{89E6D513-C39C-EA4C-AB16-2D8B5A95C2A5} = {89E6D513-C39C-EA4C-AB16-2D8B5A95C2A5}
		{6136D67D-0945-EA45-9829-E25672F806BA} = {6136D67D-0945-EA45-9829-E25672F806BA}
	EndProjectSection
EndProject
Project("{8BC9CEB8-8B4A-11D0-8D11-00A0C91BC942}") = "Test_Gwen_OpenGL", "Test_Gwen_OpenGL.vcxproj", "{5B460A35-7161-F34A-8F4F-57AD4DF33A0C}"
	ProjectSection(ProjectDependencies) = postProject
		{75E6E684-480A-4848-B8D3-82D65EA09798} = {75E6E684-480A-4848-B8D3-82D65EA09798}
	EndProjectSection
EndProject
Project("{8BC9CEB8-8B4A-11D0-8D11-00A0C91BC942}") = "BulletInverseDynamics", "BulletInverseDynamics.vcxproj", "{F5EE0CA0-050B-D041-9D41-2D26E387BC20}"
EndProject
Project("{8BC9CEB8-8B4A-11D0-8D11-00A0C91BC942}") = "BulletSoftBody", "BulletSoftBody.vcxproj", "{18AF416D-BDC5-7949-A133-64457FA5EA56}"
EndProject
Project("{8BC9CEB8-8B4A-11D0-8D11-00A0C91BC942}") = "BulletDynamics", "BulletDynamics.vcxproj", "{86BB4F25-4B75-0B42-B68C-33166FA6C8FB}"
EndProject
Project("{8BC9CEB8-8B4A-11D0-8D11-00A0C91BC942}") = "BulletCollision", "BulletCollision.vcxproj", "{754475E5-0CE6-9C4A-B2FA-FDDC69BAE6F3}"
EndProject
Project("{8BC9CEB8-8B4A-11D0-8D11-00A0C91BC942}") = "LinearMath", "LinearMath.vcxproj", "{B731F10F-2437-1C42-ACE8-BC1667B7B747}"
EndProject
Global
	GlobalSection(SolutionConfigurationPlatforms) = preSolution
		Release|Win32 = Release|Win32
		Release|x64 = Release|x64
		Debug|Win32 = Debug|Win32
		Debug|x64 = Debug|x64
	EndGlobalSection
	GlobalSection(ProjectConfigurationPlatforms) = postSolution
		{6136D67D-0945-EA45-9829-E25672F806BA}.Release|Win32.ActiveCfg = Release|Win32
		{6136D67D-0945-EA45-9829-E25672F806BA}.Release|Win32.Build.0 = Release|Win32
		{6136D67D-0945-EA45-9829-E25672F806BA}.Release|x64.ActiveCfg = Release|x64
		{6136D67D-0945-EA45-9829-E25672F806BA}.Release|x64.Build.0 = Release|x64
		{6136D67D-0945-EA45-9829-E25672F806BA}.Debug|Win32.ActiveCfg = Debug|Win32
		{6136D67D-0945-EA45-9829-E25672F806BA}.Debug|Win32.Build.0 = Debug|Win32
		{6136D67D-0945-EA45-9829-E25672F806BA}.Debug|x64.ActiveCfg = Debug|x64
		{6136D67D-0945-EA45-9829-E25672F806BA}.Debug|x64.Build.0 = Debug|x64
		{16E01C49-EF9C-874A-9C3A-A38E2D65E459}.Release|Win32.ActiveCfg = Release|Win32
		{16E01C49-EF9C-874A-9C3A-A38E2D65E459}.Release|Win32.Build.0 = Release|Win32
		{16E01C49-EF9C-874A-9C3A-A38E2D65E459}.Release|x64.ActiveCfg = Release|x64
		{16E01C49-EF9C-874A-9C3A-A38E2D65E459}.Release|x64.Build.0 = Release|x64
		{16E01C49-EF9C-874A-9C3A-A38E2D65E459}.Debug|Win32.ActiveCfg = Debug|Win32
		{16E01C49-EF9C-874A-9C3A-A38E2D65E459}.Debug|Win32.Build.0 = Debug|Win32
		{16E01C49-EF9C-874A-9C3A-A38E2D65E459}.Debug|x64.ActiveCfg = Debug|x64
		{16E01C49-EF9C-874A-9C3A-A38E2D65E459}.Debug|x64.Build.0 = Debug|x64
		{B4DA16C9-D0BB-EC4C-B341-752A92C73F82}.Release|Win32.ActiveCfg = Release|Win32
		{B4DA16C9-D0BB-EC4C-B341-752A92C73F82}.Release|Win32.Build.0 = Release|Win32
		{B4DA16C9-D0BB-EC4C-B341-752A92C73F82}.Release|x64.ActiveCfg = Release|x64
		{B4DA16C9-D0BB-EC4C-B341-752A92C73F82}.Release|x64.Build.0 = Release|x64
		{B4DA16C9-D0BB-EC4C-B341-752A92C73F82}.Debug|Win32.ActiveCfg = Debug|Win32
		{B4DA16C9-D0BB-EC4C-B341-752A92C73F82}.Debug|Win32.Build.0 = Debug|Win32
		{B4DA16C9-D0BB-EC4C-B341-752A92C73F82}.Debug|x64.ActiveCfg = Debug|x64
		{B4DA16C9-D0BB-EC4C-B341-752A92C73F82}.Debug|x64.Build.0 = Debug|x64
		{A6ECECFD-626E-174E-8F53-51F997308D54}.Release|Win32.ActiveCfg = Release|Win32
		{A6ECECFD-626E-174E-8F53-51F997308D54}.Release|Win32.Build.0 = Release|Win32
		{A6ECECFD-626E-174E-8F53-51F997308D54}.Release|x64.ActiveCfg = Release|x64
		{A6ECECFD-626E-174E-8F53-51F997308D54}.Release|x64.Build.0 = Release|x64
		{A6ECECFD-626E-174E-8F53-51F997308D54}.Debug|Win32.ActiveCfg = Debug|Win32
		{A6ECECFD-626E-174E-8F53-51F997308D54}.Debug|Win32.Build.0 = Debug|Win32
		{A6ECECFD-626E-174E-8F53-51F997308D54}.Debug|x64.ActiveCfg = Debug|x64
		{A6ECECFD-626E-174E-8F53-51F997308D54}.Debug|x64.Build.0 = Debug|x64
		{89E6D513-C39C-EA4C-AB16-2D8B5A95C2A5}.Release|Win32.ActiveCfg = Release|Win32
		{89E6D513-C39C-EA4C-AB16-2D8B5A95C2A5}.Release|Win32.Build.0 = Release|Win32
		{89E6D513-C39C-EA4C-AB16-2D8B5A95C2A5}.Release|x64.ActiveCfg = Release|x64
		{89E6D513-C39C-EA4C-AB16-2D8B5A95C2A5}.Release|x64.Build.0 = Release|x64
		{89E6D513-C39C-EA4C-AB16-2D8B5A95C2A5}.Debug|Win32.ActiveCfg = Debug|Win32
		{89E6D513-C39C-EA4C-AB16-2D8B5A95C2A5}.Debug|Win32.Build.0 = Debug|Win32
		{89E6D513-C39C-EA4C-AB16-2D8B5A95C2A5}.Debug|x64.ActiveCfg = Debug|x64
		{89E6D513-C39C-EA4C-AB16-2D8B5A95C2A5}.Debug|x64.Build.0 = Debug|x64
		{419D6C96-88A2-8447-BB1F-5F3E0A52F9AB}.Release|Win32.ActiveCfg = Release|Win32
		{419D6C96-88A2-8447-BB1F-5F3E0A52F9AB}.Release|Win32.Build.0 = Release|Win32
		{419D6C96-88A2-8447-BB1F-5F3E0A52F9AB}.Release|x64.ActiveCfg = Release|x64
		{419D6C96-88A2-8447-BB1F-5F3E0A52F9AB}.Release|x64.Build.0 = Release|x64
		{419D6C96-88A2-8447-BB1F-5F3E0A52F9AB}.Debug|Win32.ActiveCfg = Debug|Win32
		{419D6C96-88A2-8447-BB1F-5F3E0A52F9AB}.Debug|Win32.Build.0 = Debug|Win32
		{419D6C96-88A2-8447-BB1F-5F3E0A52F9AB}.Debug|x64.ActiveCfg = Debug|x64
		{419D6C96-88A2-8447-BB1F-5F3E0A52F9AB}.Debug|x64.Build.0 = Debug|x64
		{3A6C7105-4983-9246-9FEC-A064A41F294B}.Release|Win32.ActiveCfg = Release|Win32
		{3A6C7105-4983-9246-9FEC-A064A41F294B}.Release|Win32.Build.0 = Release|Win32
		{3A6C7105-4983-9246-9FEC-A064A41F294B}.Release|x64.ActiveCfg = Release|x64
		{3A6C7105-4983-9246-9FEC-A064A41F294B}.Release|x64.Build.0 = Release|x64
		{3A6C7105-4983-9246-9FEC-A064A41F294B}.Debug|Win32.ActiveCfg = Debug|Win32
		{3A6C7105-4983-9246-9FEC-A064A41F294B}.Debug|Win32.Build.0 = Debug|Win32
		{3A6C7105-4983-9246-9FEC-A064A41F294B}.Debug|x64.ActiveCfg = Debug|x64
		{3A6C7105-4983-9246-9FEC-A064A41F294B}.Debug|x64.Build.0 = Debug|x64
		{1509F574-8DAB-4C49-BD8B-6C3EFD8E46AA}.Release|Win32.ActiveCfg = Release|Win32
		{1509F574-8DAB-4C49-BD8B-6C3EFD8E46AA}.Release|Win32.Build.0 = Release|Win32
		{1509F574-8DAB-4C49-BD8B-6C3EFD8E46AA}.Release|x64.ActiveCfg = Release|x64
		{1509F574-8DAB-4C49-BD8B-6C3EFD8E46AA}.Release|x64.Build.0 = Release|x64
		{1509F574-8DAB-4C49-BD8B-6C3EFD8E46AA}.Debug|Win32.ActiveCfg = Debug|Win32
		{1509F574-8DAB-4C49-BD8B-6C3EFD8E46AA}.Debug|Win32.Build.0 = Debug|Win32
		{1509F574-8DAB-4C49-BD8B-6C3EFD8E46AA}.Debug|x64.ActiveCfg = Debug|x64
		{1509F574-8DAB-4C49-BD8B-6C3EFD8E46AA}.Debug|x64.Build.0 = Debug|x64
		{439B1A97-F5C1-8642-A307-4F5CDD26A357}.Release|Win32.ActiveCfg = Release|Win32
		{439B1A97-F5C1-8642-A307-4F5CDD26A357}.Release|Win32.Build.0 = Release|Win32
		{439B1A97-F5C1-8642-A307-4F5CDD26A357}.Release|x64.ActiveCfg = Release|x64
		{439B1A97-F5C1-8642-A307-4F5CDD26A357}.Release|x64.Build.0 = Release|x64
		{439B1A97-F5C1-8642-A307-4F5CDD26A357}.Debug|Win32.ActiveCfg = Debug|Win32
		{439B1A97-F5C1-8642-A307-4F5CDD26A357}.Debug|Win32.Build.0 = Debug|Win32
		{439B1A97-F5C1-8642-A307-4F5CDD26A357}.Debug|x64.ActiveCfg = Debug|x64
		{439B1A97-F5C1-8642-A307-4F5CDD26A357}.Debug|x64.Build.0 = Debug|x64
		{015FC8AC-F615-3744-A250-C71C0292EF77}.Release|Win32.ActiveCfg = Release|Win32
		{015FC8AC-F615-3744-A250-C71C0292EF77}.Release|Win32.Build.0 = Release|Win32
		{015FC8AC-F615-3744-A250-C71C0292EF77}.Release|x64.ActiveCfg = Release|x64
		{015FC8AC-F615-3744-A250-C71C0292EF77}.Release|x64.Build.0 = Release|x64
		{015FC8AC-F615-3744-A250-C71C0292EF77}.Debug|Win32.ActiveCfg = Debug|Win32
		{015FC8AC-F615-3744-A250-C71C0292EF77}.Debug|Win32.Build.0 = Debug|Win32
		{015FC8AC-F615-3744-A250-C71C0292EF77}.Debug|x64.ActiveCfg = Debug|x64
		{015FC8AC-F615-3744-A250-C71C0292EF77}.Debug|x64.Build.0 = Debug|x64
		{706A33A0-A5C1-E64E-AE6B-BA64D39A8F0F}.Release|Win32.ActiveCfg = Release|Win32
		{706A33A0-A5C1-E64E-AE6B-BA64D39A8F0F}.Release|Win32.Build.0 = Release|Win32
		{706A33A0-A5C1-E64E-AE6B-BA64D39A8F0F}.Release|x64.ActiveCfg = Release|x64
		{706A33A0-A5C1-E64E-AE6B-BA64D39A8F0F}.Release|x64.Build.0 = Release|x64
		{706A33A0-A5C1-E64E-AE6B-BA64D39A8F0F}.Debug|Win32.ActiveCfg = Debug|Win32
		{706A33A0-A5C1-E64E-AE6B-BA64D39A8F0F}.Debug|Win32.Build.0 = Debug|Win32
		{706A33A0-A5C1-E64E-AE6B-BA64D39A8F0F}.Debug|x64.ActiveCfg = Debug|x64
		{706A33A0-A5C1-E64E-AE6B-BA64D39A8F0F}.Debug|x64.Build.0 = Debug|x64
		{EB0BC9B7-04CC-EE48-9DF7-30096B5C7CFD}.Release|Win32.ActiveCfg = Release|Win32
		{EB0BC9B7-04CC-EE48-9DF7-30096B5C7CFD}.Release|Win32.Build.0 = Release|Win32
		{EB0BC9B7-04CC-EE48-9DF7-30096B5C7CFD}.Release|x64.ActiveCfg = Release|x64
		{EB0BC9B7-04CC-EE48-9DF7-30096B5C7CFD}.Release|x64.Build.0 = Release|x64
		{EB0BC9B7-04CC-EE48-9DF7-30096B5C7CFD}.Debug|Win32.ActiveCfg = Debug|Win32
		{EB0BC9B7-04CC-EE48-9DF7-30096B5C7CFD}.Debug|Win32.Build.0 = Debug|Win32
		{EB0BC9B7-04CC-EE48-9DF7-30096B5C7CFD}.Debug|x64.ActiveCfg = Debug|x64
		{EB0BC9B7-04CC-EE48-9DF7-30096B5C7CFD}.Debug|x64.Build.0 = Debug|x64
		{1FB98AFB-2E05-9A45-9768-8C71ECC38228}.Release|Win32.ActiveCfg = Release|Win32
		{1FB98AFB-2E05-9A45-9768-8C71ECC38228}.Release|Win32.Build.0 = Release|Win32
		{1FB98AFB-2E05-9A45-9768-8C71ECC38228}.Release|x64.ActiveCfg = Release|x64
		{1FB98AFB-2E05-9A45-9768-8C71ECC38228}.Release|x64.Build.0 = Release|x64
		{1FB98AFB-2E05-9A45-9768-8C71ECC38228}.Debug|Win32.ActiveCfg = Debug|Win32
		{1FB98AFB-2E05-9A45-9768-8C71ECC38228}.Debug|Win32.Build.0 = Debug|Win32
		{1FB98AFB-2E05-9A45-9768-8C71ECC38228}.Debug|x64.ActiveCfg = Debug|x64
		{1FB98AFB-2E05-9A45-9768-8C71ECC38228}.Debug|x64.Build.0 = Debug|x64
		{57D9B8AF-B9B9-F14E-84C4-D803F14BFC34}.Release|Win32.ActiveCfg = Release|Win32
		{57D9B8AF-B9B9-F14E-84C4-D803F14BFC34}.Release|Win32.Build.0 = Release|Win32
		{57D9B8AF-B9B9-F14E-84C4-D803F14BFC34}.Release|x64.ActiveCfg = Release|x64
		{57D9B8AF-B9B9-F14E-84C4-D803F14BFC34}.Release|x64.Build.0 = Release|x64
		{57D9B8AF-B9B9-F14E-84C4-D803F14BFC34}.Debug|Win32.ActiveCfg = Debug|Win32
		{57D9B8AF-B9B9-F14E-84C4-D803F14BFC34}.Debug|Win32.Build.0 = Debug|Win32
		{57D9B8AF-B9B9-F14E-84C4-D803F14BFC34}.Debug|x64.ActiveCfg = Debug|x64
		{57D9B8AF-B9B9-F14E-84C4-D803F14BFC34}.Debug|x64.Build.0 = Debug|x64
		{75E6E684-480A-4848-B8D3-82D65EA09798}.Release|Win32.ActiveCfg = Release|Win32
		{75E6E684-480A-4848-B8D3-82D65EA09798}.Release|Win32.Build.0 = Release|Win32
		{75E6E684-480A-4848-B8D3-82D65EA09798}.Release|x64.ActiveCfg = Release|x64
		{75E6E684-480A-4848-B8D3-82D65EA09798}.Release|x64.Build.0 = Release|x64
		{75E6E684-480A-4848-B8D3-82D65EA09798}.Debug|Win32.ActiveCfg = Debug|Win32
		{75E6E684-480A-4848-B8D3-82D65EA09798}.Debug|Win32.Build.0 = Debug|Win32
		{75E6E684-480A-4848-B8D3-82D65EA09798}.Debug|x64.ActiveCfg = Debug|x64
		{75E6E684-480A-4848-B8D3-82D65EA09798}.Debug|x64.Build.0 = Debug|x64
		{0511C043-CBB1-4D47-A383-57B43F5639DA}.Release|Win32.ActiveCfg = Release|Win32
		{0511C043-CBB1-4D47-A383-57B43F5639DA}.Release|Win32.Build.0 = Release|Win32
		{0511C043-CBB1-4D47-A383-57B43F5639DA}.Release|x64.ActiveCfg = Release|x64
		{0511C043-CBB1-4D47-A383-57B43F5639DA}.Release|x64.Build.0 = Release|x64
		{0511C043-CBB1-4D47-A383-57B43F5639DA}.Debug|Win32.ActiveCfg = Debug|Win32
		{0511C043-CBB1-4D47-A383-57B43F5639DA}.Debug|Win32.Build.0 = Debug|Win32
		{0511C043-CBB1-4D47-A383-57B43F5639DA}.Debug|x64.ActiveCfg = Debug|x64
		{0511C043-CBB1-4D47-A383-57B43F5639DA}.Debug|x64.Build.0 = Debug|x64
		{7638A6FE-5245-0F4B-82D9-407C835F32D3}.Release|Win32.ActiveCfg = Release|Win32
		{7638A6FE-5245-0F4B-82D9-407C835F32D3}.Release|Win32.Build.0 = Release|Win32
		{7638A6FE-5245-0F4B-82D9-407C835F32D3}.Release|x64.ActiveCfg = Release|x64
		{7638A6FE-5245-0F4B-82D9-407C835F32D3}.Release|x64.Build.0 = Release|x64
		{7638A6FE-5245-0F4B-82D9-407C835F32D3}.Debug|Win32.ActiveCfg = Debug|Win32
		{7638A6FE-5245-0F4B-82D9-407C835F32D3}.Debug|Win32.Build.0 = Debug|Win32
		{7638A6FE-5245-0F4B-82D9-407C835F32D3}.Debug|x64.ActiveCfg = Debug|x64
		{7638A6FE-5245-0F4B-82D9-407C835F32D3}.Debug|x64.Build.0 = Debug|x64
		{9729B39D-169D-6845-9718-D4D937C8837F}.Release|Win32.ActiveCfg = Release|Win32
		{9729B39D-169D-6845-9718-D4D937C8837F}.Release|Win32.Build.0 = Release|Win32
		{9729B39D-169D-6845-9718-D4D937C8837F}.Release|x64.ActiveCfg = Release|x64
		{9729B39D-169D-6845-9718-D4D937C8837F}.Release|x64.Build.0 = Release|x64
		{9729B39D-169D-6845-9718-D4D937C8837F}.Debug|Win32.ActiveCfg = Debug|Win32
		{9729B39D-169D-6845-9718-D4D937C8837F}.Debug|Win32.Build.0 = Debug|Win32
		{9729B39D-169D-6845-9718-D4D937C8837F}.Debug|x64.ActiveCfg = Debug|x64
		{9729B39D-169D-6845-9718-D4D937C8837F}.Debug|x64.Build.0 = Debug|x64
		{3E52F450-321A-0144-9193-D63FC31C6552}.Release|Win32.ActiveCfg = Release|Win32
		{3E52F450-321A-0144-9193-D63FC31C6552}.Release|Win32.Build.0 = Release|Win32
		{3E52F450-321A-0144-9193-D63FC31C6552}.Release|x64.ActiveCfg = Release|x64
		{3E52F450-321A-0144-9193-D63FC31C6552}.Release|x64.Build.0 = Release|x64
		{3E52F450-321A-0144-9193-D63FC31C6552}.Debug|Win32.ActiveCfg = Debug|Win32
		{3E52F450-321A-0144-9193-D63FC31C6552}.Debug|Win32.Build.0 = Debug|Win32
		{3E52F450-321A-0144-9193-D63FC31C6552}.Debug|x64.ActiveCfg = Debug|x64
		{3E52F450-321A-0144-9193-D63FC31C6552}.Debug|x64.Build.0 = Debug|x64
		{7CC9F5EF-5E64-5045-961A-9077B5709C31}.Release|Win32.ActiveCfg = Release|Win32
		{7CC9F5EF-5E64-5045-961A-9077B5709C31}.Release|Win32.Build.0 = Release|Win32
		{7CC9F5EF-5E64-5045-961A-9077B5709C31}.Release|x64.ActiveCfg = Release|x64
		{7CC9F5EF-5E64-5045-961A-9077B5709C31}.Release|x64.Build.0 = Release|x64
		{7CC9F5EF-5E64-5045-961A-9077B5709C31}.Debug|Win32.ActiveCfg = Debug|Win32
		{7CC9F5EF-5E64-5045-961A-9077B5709C31}.Debug|Win32.Build.0 = Debug|Win32
		{7CC9F5EF-5E64-5045-961A-9077B5709C31}.Debug|x64.ActiveCfg = Debug|x64
		{7CC9F5EF-5E64-5045-961A-9077B5709C31}.Debug|x64.Build.0 = Debug|x64
		{CE007161-D5EE-9948-B130-DA5BBD64CFC3}.Release|Win32.ActiveCfg = Release|Win32
		{CE007161-D5EE-9948-B130-DA5BBD64CFC3}.Release|Win32.Build.0 = Release|Win32
		{CE007161-D5EE-9948-B130-DA5BBD64CFC3}.Release|x64.ActiveCfg = Release|x64
		{CE007161-D5EE-9948-B130-DA5BBD64CFC3}.Release|x64.Build.0 = Release|x64
		{CE007161-D5EE-9948-B130-DA5BBD64CFC3}.Debug|Win32.ActiveCfg = Debug|Win32
		{CE007161-D5EE-9948-B130-DA5BBD64CFC3}.Debug|Win32.Build.0 = Debug|Win32
		{CE007161-D5EE-9948-B130-DA5BBD64CFC3}.Debug|x64.ActiveCfg = Debug|x64
		{CE007161-D5EE-9948-B130-DA5BBD64CFC3}.Debug|x64.Build.0 = Debug|x64
		{388C7494-A4AB-6F43-85FA-F4303B0EBD03}.Release|Win32.ActiveCfg = Release|Win32
		{388C7494-A4AB-6F43-85FA-F4303B0EBD03}.Release|Win32.Build.0 = Release|Win32
		{388C7494-A4AB-6F43-85FA-F4303B0EBD03}.Release|x64.ActiveCfg = Release|x64
		{388C7494-A4AB-6F43-85FA-F4303B0EBD03}.Release|x64.Build.0 = Release|x64
		{388C7494-A4AB-6F43-85FA-F4303B0EBD03}.Debug|Win32.ActiveCfg = Debug|Win32
		{388C7494-A4AB-6F43-85FA-F4303B0EBD03}.Debug|Win32.Build.0 = Debug|Win32
		{388C7494-A4AB-6F43-85FA-F4303B0EBD03}.Debug|x64.ActiveCfg = Debug|x64
		{388C7494-A4AB-6F43-85FA-F4303B0EBD03}.Debug|x64.Build.0 = Debug|x64
		{E39779BA-4BF0-9342-BED9-71F130F3A56F}.Release|Win32.ActiveCfg = Release|Win32
		{E39779BA-4BF0-9342-BED9-71F130F3A56F}.Release|Win32.Build.0 = Release|Win32
		{E39779BA-4BF0-9342-BED9-71F130F3A56F}.Release|x64.ActiveCfg = Release|x64
		{E39779BA-4BF0-9342-BED9-71F130F3A56F}.Release|x64.Build.0 = Release|x64
		{E39779BA-4BF0-9342-BED9-71F130F3A56F}.Debug|Win32.ActiveCfg = Debug|Win32
		{E39779BA-4BF0-9342-BED9-71F130F3A56F}.Debug|Win32.Build.0 = Debug|Win32
		{E39779BA-4BF0-9342-BED9-71F130F3A56F}.Debug|x64.ActiveCfg = Debug|x64
		{E39779BA-4BF0-9342-BED9-71F130F3A56F}.Debug|x64.Build.0 = Debug|x64
		{B3B57416-BA3C-8048-BEA5-2DA5D2E0C83D}.Release|Win32.ActiveCfg = Release|Win32
		{B3B57416-BA3C-8048-BEA5-2DA5D2E0C83D}.Release|Win32.Build.0 = Release|Win32
		{B3B57416-BA3C-8048-BEA5-2DA5D2E0C83D}.Release|x64.ActiveCfg = Release|x64
		{B3B57416-BA3C-8048-BEA5-2DA5D2E0C83D}.Release|x64.Build.0 = Release|x64
		{B3B57416-BA3C-8048-BEA5-2DA5D2E0C83D}.Debug|Win32.ActiveCfg = Debug|Win32
		{B3B57416-BA3C-8048-BEA5-2DA5D2E0C83D}.Debug|Win32.Build.0 = Debug|Win32
		{B3B57416-BA3C-8048-BEA5-2DA5D2E0C83D}.Debug|x64.ActiveCfg = Debug|x64
		{B3B57416-BA3C-8048-BEA5-2DA5D2E0C83D}.Debug|x64.Build.0 = Debug|x64
		{8B0DFB8E-0CDB-C344-ABB9-4DB6DDE7802F}.Release|Win32.ActiveCfg = Release|Win32
		{8B0DFB8E-0CDB-C344-ABB9-4DB6DDE7802F}.Release|Win32.Build.0 = Release|Win32
		{8B0DFB8E-0CDB-C344-ABB9-4DB6DDE7802F}.Release|x64.ActiveCfg = Release|x64
		{8B0DFB8E-0CDB-C344-ABB9-4DB6DDE7802F}.Release|x64.Build.0 = Release|x64
		{8B0DFB8E-0CDB-C344-ABB9-4DB6DDE7802F}.Debug|Win32.ActiveCfg = Debug|Win32
		{8B0DFB8E-0CDB-C344-ABB9-4DB6DDE7802F}.Debug|Win32.Build.0 = Debug|Win32
		{8B0DFB8E-0CDB-C344-ABB9-4DB6DDE7802F}.Debug|x64.ActiveCfg = Debug|x64
		{8B0DFB8E-0CDB-C344-ABB9-4DB6DDE7802F}.Debug|x64.Build.0 = Debug|x64
		{C93FD255-AC21-8747-8191-AE9CDDA1733D}.Release|Win32.ActiveCfg = Release|Win32
		{C93FD255-AC21-8747-8191-AE9CDDA1733D}.Release|Win32.Build.0 = Release|Win32
		{C93FD255-AC21-8747-8191-AE9CDDA1733D}.Release|x64.ActiveCfg = Release|x64
		{C93FD255-AC21-8747-8191-AE9CDDA1733D}.Release|x64.Build.0 = Release|x64
		{C93FD255-AC21-8747-8191-AE9CDDA1733D}.Debug|Win32.ActiveCfg = Debug|Win32
		{C93FD255-AC21-8747-8191-AE9CDDA1733D}.Debug|Win32.Build.0 = Debug|Win32
		{C93FD255-AC21-8747-8191-AE9CDDA1733D}.Debug|x64.ActiveCfg = Debug|x64
		{C93FD255-AC21-8747-8191-AE9CDDA1733D}.Debug|x64.Build.0 = Debug|x64
		{BA7E83B7-FEA7-3A40-B109-FDE7D997ACB0}.Release|Win32.ActiveCfg = Release|Win32
		{BA7E83B7-FEA7-3A40-B109-FDE7D997ACB0}.Release|Win32.Build.0 = Release|Win32
		{BA7E83B7-FEA7-3A40-B109-FDE7D997ACB0}.Release|x64.ActiveCfg = Release|x64
		{BA7E83B7-FEA7-3A40-B109-FDE7D997ACB0}.Release|x64.Build.0 = Release|x64
		{BA7E83B7-FEA7-3A40-B109-FDE7D997ACB0}.Debug|Win32.ActiveCfg = Debug|Win32
		{BA7E83B7-FEA7-3A40-B109-FDE7D997ACB0}.Debug|Win32.Build.0 = Debug|Win32
		{BA7E83B7-FEA7-3A40-B109-FDE7D997ACB0}.Debug|x64.ActiveCfg = Debug|x64
		{BA7E83B7-FEA7-3A40-B109-FDE7D997ACB0}.Debug|x64.Build.0 = Debug|x64
		{94CE69C2-47E4-C343-A4BE-2C703AC62809}.Release|Win32.ActiveCfg = Release|Win32
		{94CE69C2-47E4-C343-A4BE-2C703AC62809}.Release|Win32.Build.0 = Release|Win32
		{94CE69C2-47E4-C343-A4BE-2C703AC62809}.Release|x64.ActiveCfg = Release|x64
		{94CE69C2-47E4-C343-A4BE-2C703AC62809}.Release|x64.Build.0 = Release|x64
		{94CE69C2-47E4-C343-A4BE-2C703AC62809}.Debug|Win32.ActiveCfg = Debug|Win32
		{94CE69C2-47E4-C343-A4BE-2C703AC62809}.Debug|Win32.Build.0 = Debug|Win32
		{94CE69C2-47E4-C343-A4BE-2C703AC62809}.Debug|x64.ActiveCfg = Debug|x64
		{94CE69C2-47E4-C343-A4BE-2C703AC62809}.Debug|x64.Build.0 = Debug|x64
		{BAC58003-FAD3-E046-A266-5F5B53A7CD9D}.Release|Win32.ActiveCfg = Release|Win32
		{BAC58003-FAD3-E046-A266-5F5B53A7CD9D}.Release|Win32.Build.0 = Release|Win32
		{BAC58003-FAD3-E046-A266-5F5B53A7CD9D}.Release|x64.ActiveCfg = Release|x64
		{BAC58003-FAD3-E046-A266-5F5B53A7CD9D}.Release|x64.Build.0 = Release|x64
		{BAC58003-FAD3-E046-A266-5F5B53A7CD9D}.Debug|Win32.ActiveCfg = Debug|Win32
		{BAC58003-FAD3-E046-A266-5F5B53A7CD9D}.Debug|Win32.Build.0 = Debug|Win32
		{BAC58003-FAD3-E046-A266-5F5B53A7CD9D}.Debug|x64.ActiveCfg = Debug|x64
		{BAC58003-FAD3-E046-A266-5F5B53A7CD9D}.Debug|x64.Build.0 = Debug|x64
		{5B460A35-7161-F34A-8F4F-57AD4DF33A0C}.Release|Win32.ActiveCfg = Release|Win32
		{5B460A35-7161-F34A-8F4F-57AD4DF33A0C}.Release|Win32.Build.0 = Release|Win32
		{5B460A35-7161-F34A-8F4F-57AD4DF33A0C}.Release|x64.ActiveCfg = Release|x64
		{5B460A35-7161-F34A-8F4F-57AD4DF33A0C}.Release|x64.Build.0 = Release|x64
		{5B460A35-7161-F34A-8F4F-57AD4DF33A0C}.Debug|Win32.ActiveCfg = Debug|Win32
		{5B460A35-7161-F34A-8F4F-57AD4DF33A0C}.Debug|Win32.Build.0 = Debug|Win32
		{5B460A35-7161-F34A-8F4F-57AD4DF33A0C}.Debug|x64.ActiveCfg = Debug|x64
		{5B460A35-7161-F34A-8F4F-57AD4DF33A0C}.Debug|x64.Build.0 = Debug|x64
		{F5EE0CA0-050B-D041-9D41-2D26E387BC20}.Release|Win32.ActiveCfg = Release|Win32
		{F5EE0CA0-050B-D041-9D41-2D26E387BC20}.Release|Win32.Build.0 = Release|Win32
		{F5EE0CA0-050B-D041-9D41-2D26E387BC20}.Release|x64.ActiveCfg = Release|x64
		{F5EE0CA0-050B-D041-9D41-2D26E387BC20}.Release|x64.Build.0 = Release|x64
		{F5EE0CA0-050B-D041-9D41-2D26E387BC20}.Debug|Win32.ActiveCfg = Debug|Win32
		{F5EE0CA0-050B-D041-9D41-2D26E387BC20}.Debug|Win32.Build.0 = Debug|Win32
		{F5EE0CA0-050B-D041-9D41-2D26E387BC20}.Debug|x64.ActiveCfg = Debug|x64
		{F5EE0CA0-050B-D041-9D41-2D26E387BC20}.Debug|x64.Build.0 = Debug|x64
		{18AF416D-BDC5-7949-A133-64457FA5EA56}.Release|Win32.ActiveCfg = Release|Win32
		{18AF416D-BDC5-7949-A133-64457FA5EA56}.Release|Win32.Build.0 = Release|Win32
		{18AF416D-BDC5-7949-A133-64457FA5EA56}.Release|x64.ActiveCfg = Release|x64
		{18AF416D-BDC5-7949-A133-64457FA5EA56}.Release|x64.Build.0 = Release|x64
		{18AF416D-BDC5-7949-A133-64457FA5EA56}.Debug|Win32.ActiveCfg = Debug|Win32
		{18AF416D-BDC5-7949-A133-64457FA5EA56}.Debug|Win32.Build.0 = Debug|Win32
		{18AF416D-BDC5-7949-A133-64457FA5EA56}.Debug|x64.ActiveCfg = Debug|x64
		{18AF416D-BDC5-7949-A133-64457FA5EA56}.Debug|x64.Build.0 = Debug|x64
		{86BB4F25-4B75-0B42-B68C-33166FA6C8FB}.Release|Win32.ActiveCfg = Release|Win32
		{86BB4F25-4B75-0B42-B68C-33166FA6C8FB}.Release|Win32.Build.0 = Release|Win32
		{86BB4F25-4B75-0B42-B68C-33166FA6C8FB}.Release|x64.ActiveCfg = Release|x64
		{86BB4F25-4B75-0B42-B68C-33166FA6C8FB}.Release|x64.Build.0 = Release|x64
		{86BB4F25-4B75-0B42-B68C-33166FA6C8FB}.Debug|Win32.ActiveCfg = Debug|Win32
		{86BB4F25-4B75-0B42-B68C-33166FA6C8FB}.Debug|Win32.Build.0 = Debug|Win32
		{86BB4F25-4B75-0B42-B68C-33166FA6C8FB}.Debug|x64.ActiveCfg = Debug|x64
		{86BB4F25-4B75-0B42-B68C-33166FA6C8FB}.Debug|x64.Build.0 = Debug|x64
		{754475E5-0CE6-9C4A-B2FA-FDDC69BAE6F3}.Release|Win32.ActiveCfg = Release|Win32
		{754475E5-0CE6-9C4A-B2FA-FDDC69BAE6F3}.Release|Win32.Build.0 = Release|Win32
		{754475E5-0CE6-9C4A-B2FA-FDDC69BAE6F3}.Release|x64.ActiveCfg = Release|x64
		{754475E5-0CE6-9C4A-B2FA-FDDC69BAE6F3}.Release|x64.Build.0 = Release|x64
		{754475E5-0CE6-9C4A-B2FA-FDDC69BAE6F3}.Debug|Win32.ActiveCfg = Debug|Win32
		{754475E5-0CE6-9C4A-B2FA-FDDC69BAE6F3}.Debug|Win32.Build.0 = Debug|Win32
		{754475E5-0CE6-9C4A-B2FA-FDDC69BAE6F3}.Debug|x64.ActiveCfg = Debug|x64
		{754475E5-0CE6-9C4A-B2FA-FDDC69BAE6F3}.Debug|x64.Build.0 = Debug|x64
		{B731F10F-2437-1C42-ACE8-BC1667B7B747}.Release|Win32.ActiveCfg = Release|Win32
		{B731F10F-2437-1C42-ACE8-BC1667B7B747}.Release|Win32.Build.0 = Release|Win32
		{B731F10F-2437-1C42-ACE8-BC1667B7B747}.Release|x64.ActiveCfg = Release|x64
		{B731F10F-2437-1C42-ACE8-BC1667B7B747}.Release|x64.Build.0 = Release|x64
		{B731F10F-2437-1C42-ACE8-BC1667B7B747}.Debug|Win32.ActiveCfg = Debug|Win32
		{B731F10F-2437-1C42-ACE8-BC1667B7B747}.Debug|Win32.Build.0 = Debug|Win32
		{B731F10F-2437-1C42-ACE8-BC1667B7B747}.Debug|x64.ActiveCfg = Debug|x64
		{B731F10F-2437-1C42-ACE8-BC1667B7B747}.Debug|x64.Build.0 = Debug|x64
	EndGlobalSection
	GlobalSection(SolutionProperties) = preSolution
		HideSolutionNode = FALSE
	EndGlobalSection
EndGlobal
