<?xml version="1.0" encoding="utf-8"?>
<Project ToolsVersion="4.0" xmlns="http://schemas.microsoft.com/developer/msbuild/2003">
  <ItemGroup>
    <Filter Include="src">
      <UniqueIdentifier>{FD1D6E45-357E-1C4F-8D52-E63063750C2B}</UniqueIdentifier>
    </Filter>
    <Filter Include="src\clew">
      <UniqueIdentifier>{2D63D4D2-3981-5B4C-B710-C508D7A79473}</UniqueIdentifier>
    </Filter>
    <Filter Include="examples">
      <UniqueIdentifier>{9A029C00-FE7C-6E4B-9C94-F3FA81341035}</UniqueIdentifier>
    </Filter>
    <Filter Include="examples\ThirdPartyLibs">
      <UniqueIdentifier>{4BB5BEB7-45DF-0947-9AE0-3BEF53C93040}</UniqueIdentifier>
    </Filter>
    <Filter Include="examples\ThirdPartyLibs\Glew">
      <UniqueIdentifier>{8019536D-970A-A649-8D0B-347916C11A37}</UniqueIdentifier>
    </Filter>
    <Filter Include="examples\ExampleBrowser">
      <UniqueIdentifier>{BF5063F5-4DD6-7544-A07C-78E1C5CA33E0}</UniqueIdentifier>
    </Filter>
    <Filter Include="examples\ExampleBrowser\GwenGUISupport">
      <UniqueIdentifier>{2341761E-94A8-8D4B-AD3E-6D094E00CD84}</UniqueIdentifier>
    </Filter>
    <Filter Include="examples\SharedMemory">
      <UniqueIdentifier>{4813AE59-F410-264F-9BD0-AD7F3A48B6D0}</UniqueIdentifier>
    </Filter>
    <Filter Include="examples\MultiThreading">
      <UniqueIdentifier>{51D2F258-C42A-3F46-AE0D-F08A2DC03019}</UniqueIdentifier>
    </Filter>
    <Filter Include="examples\InverseDynamics">
      <UniqueIdentifier>{9AB2F203-0121-3846-A78C-309B90DDAC4D}</UniqueIdentifier>
    </Filter>
    <Filter Include="examples\BasicDemo">
      <UniqueIdentifier>{3739A06F-0C28-FE46-8359-2A939D6C254F}</UniqueIdentifier>
    </Filter>
    <Filter Include="examples\Tutorial">
      <UniqueIdentifier>{9B957C4E-B3BA-F544-A1D3-06ED3237B22A}</UniqueIdentifier>
    </Filter>
    <Filter Include="examples\Collision">
      <UniqueIdentifier>{713FF587-18D0-0C49-9C08-C33BC6A16972}</UniqueIdentifier>
    </Filter>
    <Filter Include="examples\Collision\Internal">
      <UniqueIdentifier>{9C23320F-7B28-D64A-90C9-43E6BADF5399}</UniqueIdentifier>
    </Filter>
    <Filter Include="examples\Benchmarks">
      <UniqueIdentifier>{9141F6CD-371B-8C46-8781-21445E7C24DE}</UniqueIdentifier>
    </Filter>
    <Filter Include="examples\CommonInterfaces">
      <UniqueIdentifier>{DE1B9851-13EF-B640-81D6-83938729BEE5}</UniqueIdentifier>
    </Filter>
    <Filter Include="examples\ForkLift">
      <UniqueIdentifier>{AE7DA72C-7C79-C246-9D24-8B5129417E98}</UniqueIdentifier>
    </Filter>
    <Filter Include="examples\Importers">
      <UniqueIdentifier>{DE830074-9C16-3C4A-8D42-C6F7AB8224B1}</UniqueIdentifier>
    </Filter>
    <Filter Include="examples\Importers\ImportBsp">
      <UniqueIdentifier>{0957AAB7-C2EA-F04D-9864-9D447304E9D7}</UniqueIdentifier>
    </Filter>
    <Filter Include="examples\Importers\ImportBullet">
      <UniqueIdentifier>{AA711E7A-52DA-EE45-9440-F3D4ECB9BCA4}</UniqueIdentifier>
    </Filter>
    <Filter Include="examples\Importers\ImportColladaDemo">
      <UniqueIdentifier>{BA9E2692-BF68-8242-8865-A591F602E4EE}</UniqueIdentifier>
    </Filter>
    <Filter Include="examples\Importers\ImportObjDemo">
      <UniqueIdentifier>{DD9F63E0-B0DD-D544-9505-8DF27C428385}</UniqueIdentifier>
    </Filter>
    <Filter Include="examples\Importers\ImportSTLDemo">
      <UniqueIdentifier>{705552A6-32BD-EA43-A974-25B39419A23C}</UniqueIdentifier>
    </Filter>
    <Filter Include="examples\Importers\ImportURDFDemo">
      <UniqueIdentifier>{F40F6420-CCF3-5B41-845B-E9F26787DE65}</UniqueIdentifier>
    </Filter>
    <Filter Include="Extras">
      <UniqueIdentifier>{2AEA3A60-DD9D-3F40-B68F-77815D5E8010}</UniqueIdentifier>
    </Filter>
    <Filter Include="Extras\Serialize">
      <UniqueIdentifier>{FECE3110-C845-EC45-9596-A0E9D2D57EDE}</UniqueIdentifier>
    </Filter>
    <Filter Include="Extras\Serialize\BulletWorldImporter">
      <UniqueIdentifier>{7FCBB341-ADB6-9B4F-A711-C45F4A9DBFB3}</UniqueIdentifier>
    </Filter>
    <Filter Include="Extras\Serialize\BulletFileLoader">
      <UniqueIdentifier>{DB190F8E-7CEB-8245-B175-81383E2854A8}</UniqueIdentifier>
    </Filter>
    <Filter Include="examples\Planar2D">
      <UniqueIdentifier>{D51A6089-B2E3-984C-9C68-EEC97FFE28E0}</UniqueIdentifier>
    </Filter>
    <Filter Include="examples\RenderingExamples">
      <UniqueIdentifier>{1394C5BD-F8BE-3444-9CD8-CE3F450D3816}</UniqueIdentifier>
    </Filter>
    <Filter Include="examples\VoronoiFracture">
      <UniqueIdentifier>{94F86C52-9434-D442-973C-D26E62DD6628}</UniqueIdentifier>
    </Filter>
    <Filter Include="examples\SoftDemo">
      <UniqueIdentifier>{F8145947-4BFD-8C4B-AECA-17237723DDDD}</UniqueIdentifier>
    </Filter>
    <Filter Include="examples\RollingFrictionDemo">
      <UniqueIdentifier>{3640EB99-4252-8C4E-B50B-897E984E48D0}</UniqueIdentifier>
    </Filter>
    <Filter Include="examples\FractureDemo">
      <UniqueIdentifier>{E2D305B8-3FCC-C64B-84CA-8637E1F40324}</UniqueIdentifier>
    </Filter>
    <Filter Include="examples\DynamicControlDemo">
      <UniqueIdentifier>{0F3BCB49-485A-E44C-BC8E-EA673142537B}</UniqueIdentifier>
    </Filter>
    <Filter Include="examples\Constraints">
      <UniqueIdentifier>{A5967CA4-5F4D-8540-9FCF-D60F94C22833}</UniqueIdentifier>
    </Filter>
    <Filter Include="examples\Vehicles">
      <UniqueIdentifier>{B3BD1FF9-7F86-C442-8B8E-8E2642E853D1}</UniqueIdentifier>
    </Filter>
    <Filter Include="examples\Raycast">
      <UniqueIdentifier>{314A345B-8C33-9749-A941-CBC37219C919}</UniqueIdentifier>
    </Filter>
    <Filter Include="examples\MultiBody">
      <UniqueIdentifier>{D7766F19-B93B-D94F-9943-9DCEF0B0529E}</UniqueIdentifier>
    </Filter>
    <Filter Include="examples\ThirdPartyLibs\stb_image">
      <UniqueIdentifier>{00B8AA65-4061-5743-9D90-1A0452CC3224}</UniqueIdentifier>
    </Filter>
    <Filter Include="examples\ThirdPartyLibs\Wavefront">
      <UniqueIdentifier>{D2FDB48B-518E-FE45-97EF-4199571C5526}</UniqueIdentifier>
    </Filter>
    <Filter Include="examples\ThirdPartyLibs\tinyxml">
      <UniqueIdentifier>{01547B21-EE79-8A4A-B2B3-C72F523A1896}</UniqueIdentifier>
    </Filter>
    <Filter Include="examples\Utils">
      <UniqueIdentifier>{68C230CA-086F-BB49-9A59-B3014CF3CB68}</UniqueIdentifier>
    </Filter>
    <Filter Include="examples\GyroscopicDemo">
      <UniqueIdentifier>{6738CDB3-75D1-974D-9D63-692D4C4FFC7A}</UniqueIdentifier>
    </Filter>
    <Filter Include="examples\ThirdPartyLibs\urdf">
      <UniqueIdentifier>{32A4E7DF-68A2-504F-A5F1-EF6871307871}</UniqueIdentifier>
    </Filter>
    <Filter Include="examples\ThirdPartyLibs\urdf\urdfdom">
      <UniqueIdentifier>{8F0A622A-849E-E142-B6B0-3A118B78D7D6}</UniqueIdentifier>
    </Filter>
    <Filter Include="examples\ThirdPartyLibs\urdf\urdfdom\urdf_parser">
      <UniqueIdentifier>{8F644CD9-6854-944C-B676-C0C26047AD6D}</UniqueIdentifier>
    </Filter>
    <Filter Include="examples\ThirdPartyLibs\urdf\urdfdom\urdf_parser\src">
      <UniqueIdentifier>{5C2E627B-F476-8542-BA1E-E243A81661ED}</UniqueIdentifier>
    </Filter>
    <Filter Include="examples\ThirdPartyLibs\urdf\urdfdom\urdf_parser\include">
      <UniqueIdentifier>{DFCA950D-5024-E641-A9F4-554627EDE0D3}</UniqueIdentifier>
    </Filter>
    <Filter Include="examples\ThirdPartyLibs\urdf\urdfdom\urdf_parser\include\urdf_parser">
      <UniqueIdentifier>{E993D47E-F398-4544-9817-4198FA9E4000}</UniqueIdentifier>
    </Filter>
    <Filter Include="examples\ThirdPartyLibs\urdf\urdfdom_headers">
      <UniqueIdentifier>{2527490A-0623-7942-A5E6-6E649EB30A1C}</UniqueIdentifier>
    </Filter>
    <Filter Include="examples\ThirdPartyLibs\urdf\urdfdom_headers\urdf_exception">
      <UniqueIdentifier>{E387CC7F-CD9D-424D-8699-CF962DE3660F}</UniqueIdentifier>
    </Filter>
    <Filter Include="examples\ThirdPartyLibs\urdf\urdfdom_headers\urdf_exception\include">
      <UniqueIdentifier>{DF0B588F-5CA4-D240-ABB3-670F7D80144B}</UniqueIdentifier>
    </Filter>
    <Filter Include="examples\ThirdPartyLibs\urdf\urdfdom_headers\urdf_exception\include\urdf_exception">
      <UniqueIdentifier>{C94042E2-3A28-DB41-B0A3-95D0E86C7471}</UniqueIdentifier>
    </Filter>
    <Filter Include="examples\ThirdPartyLibs\urdf\urdfdom_headers\urdf_model">
      <UniqueIdentifier>{DD084880-9B6F-5A4D-A0CB-C804B12DFBF9}</UniqueIdentifier>
    </Filter>
    <Filter Include="examples\ThirdPartyLibs\urdf\urdfdom_headers\urdf_model\include">
      <UniqueIdentifier>{AB208E5C-7A32-3649-9A96-9632228E4F25}</UniqueIdentifier>
    </Filter>
    <Filter Include="examples\ThirdPartyLibs\urdf\urdfdom_headers\urdf_model\include\urdf_model">
      <UniqueIdentifier>{AAE89258-35F7-2F43-B407-A6030114E129}</UniqueIdentifier>
    </Filter>
    <Filter Include="examples\ThirdPartyLibs\urdf\boost_replacement">
      <UniqueIdentifier>{691CC87D-5992-B740-8C29-B3AE22408360}</UniqueIdentifier>
    </Filter>
    <Filter Include="examples\OpenCL">
      <UniqueIdentifier>{3B87F81B-C17B-984B-B9E4-14D913DE1FD8}</UniqueIdentifier>
    </Filter>
    <Filter Include="examples\OpenCL\broadphase">
      <UniqueIdentifier>{7F444393-090F-F048-9F33-8A0A3AE96729}</UniqueIdentifier>
    </Filter>
    <Filter Include="examples\OpenCL\CommonOpenCL">
      <UniqueIdentifier>{C2CF4D1D-5E05-C44D-AC90-FA31E5726AEB}</UniqueIdentifier>
    </Filter>
    <Filter Include="examples\OpenCL\rigidbody">
      <UniqueIdentifier>{EE7BB0A1-428C-8346-9F2C-EED36A9EE117}</UniqueIdentifier>
    </Filter>
  </ItemGroup>
  <ItemGroup>
    <None Include="..\..\Extras\Serialize\BulletWorldImporter\CMakeLists.txt">
      <Filter>Extras\Serialize\BulletWorldImporter</Filter>
    </None>
    <None Include="..\..\Extras\Serialize\BulletWorldImporter\premake4.lua">
      <Filter>Extras\Serialize\BulletWorldImporter</Filter>
    </None>
    <None Include="..\..\Extras\Serialize\BulletFileLoader\CMakeLists.txt">
      <Filter>Extras\Serialize\BulletFileLoader</Filter>
    </None>
    <None Include="..\..\Extras\Serialize\BulletFileLoader\premake4.lua">
      <Filter>Extras\Serialize\BulletFileLoader</Filter>
    </None>
    <None Include="..\..\examples\SoftDemo\bunny.inl">
      <Filter>examples\SoftDemo</Filter>
    </None>
    <None Include="..\..\examples\SoftDemo\cube.inl">
      <Filter>examples\SoftDemo</Filter>
    </None>
    <None Include="..\..\examples\OpenCL\broadphase\pairsKernel.cl">
      <Filter>examples\OpenCL\broadphase</Filter>
    </None>
  </ItemGroup>
  <ItemGroup>
    <ClInclude Include="..\..\src\clew\clew.h">
      <Filter>src\clew</Filter>
    </ClInclude>
    <ClInclude Include="..\..\examples\ExampleBrowser\EmptyBrowser.h">
      <Filter>examples\ExampleBrowser</Filter>
    </ClInclude>
    <ClInclude Include="..\..\examples\ExampleBrowser\EmptyExample.h">
      <Filter>examples\ExampleBrowser</Filter>
    </ClInclude>
    <ClInclude Include="..\..\examples\ExampleBrowser\ExampleBrowserInterface.h">
      <Filter>examples\ExampleBrowser</Filter>
    </ClInclude>
    <ClInclude Include="..\..\examples\ExampleBrowser\ExampleEntries.h">
      <Filter>examples\ExampleBrowser</Filter>
    </ClInclude>
    <ClInclude Include="..\..\examples\ExampleBrowser\GL_ShapeDrawer.h">
      <Filter>examples\ExampleBrowser</Filter>
    </ClInclude>
    <ClInclude Include="..\..\examples\ExampleBrowser\OpenGLExampleBrowser.h">
      <Filter>examples\ExampleBrowser</Filter>
    </ClInclude>
    <ClInclude Include="..\..\examples\ExampleBrowser\OpenGLGuiHelper.h">
      <Filter>examples\ExampleBrowser</Filter>
    </ClInclude>
    <ClInclude Include="..\..\examples\ExampleBrowser\GwenGUISupport\GraphingTexture.h">
      <Filter>examples\ExampleBrowser\GwenGUISupport</Filter>
    </ClInclude>
    <ClInclude Include="..\..\examples\ExampleBrowser\GwenGUISupport\gwenInternalData.h">
      <Filter>examples\ExampleBrowser\GwenGUISupport</Filter>
    </ClInclude>
    <ClInclude Include="..\..\examples\ExampleBrowser\GwenGUISupport\GwenParameterInterface.h">
      <Filter>examples\ExampleBrowser\GwenGUISupport</Filter>
    </ClInclude>
    <ClInclude Include="..\..\examples\ExampleBrowser\GwenGUISupport\GwenProfileWindow.h">
      <Filter>examples\ExampleBrowser\GwenGUISupport</Filter>
    </ClInclude>
    <ClInclude Include="..\..\examples\ExampleBrowser\GwenGUISupport\GwenTextureWindow.h">
      <Filter>examples\ExampleBrowser\GwenGUISupport</Filter>
    </ClInclude>
    <ClInclude Include="..\..\examples\ExampleBrowser\GwenGUISupport\gwenUserInterface.h">
      <Filter>examples\ExampleBrowser\GwenGUISupport</Filter>
    </ClInclude>
    <ClInclude Include="..\..\examples\SharedMemory\PhysicsClientC_API.h">
      <Filter>examples\SharedMemory</Filter>
    </ClInclude>
    <ClInclude Include="..\..\examples\SharedMemory\PhysicsDirect.h">
      <Filter>examples\SharedMemory</Filter>
    </ClInclude>
    <ClInclude Include="..\..\examples\SharedMemory\PhysicsDirectC_API.h">
      <Filter>examples\SharedMemory</Filter>
    </ClInclude>
    <ClInclude Include="..\..\examples\SharedMemory\PhysicsLoopBack.h">
      <Filter>examples\SharedMemory</Filter>
    </ClInclude>
    <ClInclude Include="..\..\examples\SharedMemory\PhysicsLoopBackC_API.h">
      <Filter>examples\SharedMemory</Filter>
    </ClInclude>
    <ClInclude Include="..\..\examples\SharedMemory\PhysicsServerCommandProcessor.h">
      <Filter>examples\SharedMemory</Filter>
    </ClInclude>
    <ClInclude Include="..\..\examples\InverseDynamics\InverseDynamicsExample.h">
      <Filter>examples\InverseDynamics</Filter>
    </ClInclude>
    <ClInclude Include="..\..\examples\BasicDemo\BasicExample.h">
      <Filter>examples\BasicDemo</Filter>
    </ClInclude>
    <ClInclude Include="..\..\examples\Tutorial\Dof6ConstraintTutorial.h">
      <Filter>examples\Tutorial</Filter>
    </ClInclude>
    <ClInclude Include="..\..\examples\Tutorial\Tutorial.h">
      <Filter>examples\Tutorial</Filter>
    </ClInclude>
    <ClInclude Include="..\..\examples\Collision\CollisionSdkC_Api.h">
      <Filter>examples\Collision</Filter>
    </ClInclude>
    <ClInclude Include="..\..\examples\Collision\CollisionTutorialBullet2.h">
      <Filter>examples\Collision</Filter>
    </ClInclude>
    <ClInclude Include="..\..\examples\Collision\Internal\Bullet2CollisionSdk.h">
      <Filter>examples\Collision\Internal</Filter>
    </ClInclude>
    <ClInclude Include="..\..\examples\Collision\Internal\CollisionSdkInterface.h">
      <Filter>examples\Collision\Internal</Filter>
    </ClInclude>
    <ClInclude Include="..\..\examples\Collision\Internal\RealTimeBullet3CollisionSdk.h">
      <Filter>examples\Collision\Internal</Filter>
    </ClInclude>
    <ClInclude Include="..\..\examples\Benchmarks\BenchmarkDemo.h">
      <Filter>examples\Benchmarks</Filter>
    </ClInclude>
    <ClInclude Include="..\..\examples\Benchmarks\landscapeData.h">
      <Filter>examples\Benchmarks</Filter>
    </ClInclude>
    <ClInclude Include="..\..\examples\Benchmarks\TaruData.h">
      <Filter>examples\Benchmarks</Filter>
    </ClInclude>
    <ClInclude Include="..\..\examples\CommonInterfaces\Common2dCanvasInterface.h">
      <Filter>examples\CommonInterfaces</Filter>
    </ClInclude>
    <ClInclude Include="..\..\examples\CommonInterfaces\CommonCameraInterface.h">
      <Filter>examples\CommonInterfaces</Filter>
    </ClInclude>
    <ClInclude Include="..\..\examples\CommonInterfaces\CommonExampleInterface.h">
      <Filter>examples\CommonInterfaces</Filter>
    </ClInclude>
    <ClInclude Include="..\..\examples\CommonInterfaces\CommonGraphicsAppInterface.h">
      <Filter>examples\CommonInterfaces</Filter>
    </ClInclude>
    <ClInclude Include="..\..\examples\CommonInterfaces\CommonGUIHelperInterface.h">
      <Filter>examples\CommonInterfaces</Filter>
    </ClInclude>
    <ClInclude Include="..\..\examples\CommonInterfaces\CommonMultiBodyBase.h">
      <Filter>examples\CommonInterfaces</Filter>
    </ClInclude>
    <ClInclude Include="..\..\examples\CommonInterfaces\CommonParameterInterface.h">
      <Filter>examples\CommonInterfaces</Filter>
    </ClInclude>
    <ClInclude Include="..\..\examples\CommonInterfaces\CommonRenderInterface.h">
      <Filter>examples\CommonInterfaces</Filter>
    </ClInclude>
    <ClInclude Include="..\..\examples\CommonInterfaces\CommonRigidBodyBase.h">
      <Filter>examples\CommonInterfaces</Filter>
    </ClInclude>
    <ClInclude Include="..\..\examples\CommonInterfaces\CommonWindowInterface.h">
      <Filter>examples\CommonInterfaces</Filter>
    </ClInclude>
    <ClInclude Include="..\..\examples\ForkLift\ForkLiftDemo.h">
      <Filter>examples\ForkLift</Filter>
    </ClInclude>
    <ClInclude Include="..\..\examples\Importers\ImportBsp\BspConverter.h">
      <Filter>examples\Importers\ImportBsp</Filter>
    </ClInclude>
    <ClInclude Include="..\..\examples\Importers\ImportBsp\BspLoader.h">
      <Filter>examples\Importers\ImportBsp</Filter>
    </ClInclude>
    <ClInclude Include="..\..\examples\Importers\ImportBsp\ImportBspExample.h">
      <Filter>examples\Importers\ImportBsp</Filter>
    </ClInclude>
    <ClInclude Include="..\..\examples\Importers\ImportBullet\SerializeSetup.h">
      <Filter>examples\Importers\ImportBullet</Filter>
    </ClInclude>
    <ClInclude Include="..\..\examples\Importers\ImportColladaDemo\btMatrix4x4.h">
      <Filter>examples\Importers\ImportColladaDemo</Filter>
    </ClInclude>
    <ClInclude Include="..\..\examples\Importers\ImportColladaDemo\ColladaGraphicsInstance.h">
      <Filter>examples\Importers\ImportColladaDemo</Filter>
    </ClInclude>
    <ClInclude Include="..\..\examples\Importers\ImportColladaDemo\ImportColladaSetup.h">
      <Filter>examples\Importers\ImportColladaDemo</Filter>
    </ClInclude>
    <ClInclude Include="..\..\examples\Importers\ImportColladaDemo\LoadMeshFromCollada.h">
      <Filter>examples\Importers\ImportColladaDemo</Filter>
    </ClInclude>
    <ClInclude Include="..\..\examples\Importers\ImportObjDemo\ImportObjExample.h">
      <Filter>examples\Importers\ImportObjDemo</Filter>
    </ClInclude>
    <ClInclude Include="..\..\examples\Importers\ImportObjDemo\LoadMeshFromObj.h">
      <Filter>examples\Importers\ImportObjDemo</Filter>
    </ClInclude>
    <ClInclude Include="..\..\examples\Importers\ImportObjDemo\Wavefront2GLInstanceGraphicsShape.h">
      <Filter>examples\Importers\ImportObjDemo</Filter>
    </ClInclude>
    <ClInclude Include="..\..\examples\Importers\ImportSTLDemo\ImportSTLSetup.h">
      <Filter>examples\Importers\ImportSTLDemo</Filter>
    </ClInclude>
    <ClInclude Include="..\..\examples\Importers\ImportSTLDemo\LoadMeshFromSTL.h">
      <Filter>examples\Importers\ImportSTLDemo</Filter>
    </ClInclude>
    <ClInclude Include="..\..\examples\Importers\ImportURDFDemo\BulletUrdfImporter.h">
      <Filter>examples\Importers\ImportURDFDemo</Filter>
    </ClInclude>
    <ClInclude Include="..\..\examples\Importers\ImportURDFDemo\ConvertRigidBodies2MultiBody.h">
      <Filter>examples\Importers\ImportURDFDemo</Filter>
    </ClInclude>
    <ClInclude Include="..\..\examples\Importers\ImportURDFDemo\ImportURDFSetup.h">
      <Filter>examples\Importers\ImportURDFDemo</Filter>
    </ClInclude>
    <ClInclude Include="..\..\examples\Importers\ImportURDFDemo\MultiBodyCreationInterface.h">
      <Filter>examples\Importers\ImportURDFDemo</Filter>
    </ClInclude>
    <ClInclude Include="..\..\examples\Importers\ImportURDFDemo\MyMultiBodyCreator.h">
      <Filter>examples\Importers\ImportURDFDemo</Filter>
    </ClInclude>
    <ClInclude Include="..\..\examples\Importers\ImportURDFDemo\ROSURDFImporter.h">
      <Filter>examples\Importers\ImportURDFDemo</Filter>
    </ClInclude>
    <ClInclude Include="..\..\examples\Importers\ImportURDFDemo\URDF2Bullet.h">
      <Filter>examples\Importers\ImportURDFDemo</Filter>
    </ClInclude>
    <ClInclude Include="..\..\examples\Importers\ImportURDFDemo\URDFImporterInterface.h">
      <Filter>examples\Importers\ImportURDFDemo</Filter>
    </ClInclude>
    <ClInclude Include="..\..\examples\Importers\ImportURDFDemo\URDFJointTypes.h">
      <Filter>examples\Importers\ImportURDFDemo</Filter>
    </ClInclude>
    <ClInclude Include="..\..\examples\Importers\ImportURDFDemo\urdfLexicalCast.h">
      <Filter>examples\Importers\ImportURDFDemo</Filter>
    </ClInclude>
    <ClInclude Include="..\..\examples\Importers\ImportURDFDemo\UrdfParser.h">
      <Filter>examples\Importers\ImportURDFDemo</Filter>
    </ClInclude>
    <ClInclude Include="..\..\examples\Importers\ImportURDFDemo\urdfStringSplit.h">
      <Filter>examples\Importers\ImportURDFDemo</Filter>
    </ClInclude>
    <ClInclude Include="..\..\examples\Importers\ImportURDFDemo\urdf_samples.h">
      <Filter>examples\Importers\ImportURDFDemo</Filter>
    </ClInclude>
    <ClInclude Include="..\..\Extras\Serialize\BulletWorldImporter\btBulletWorldImporter.h">
      <Filter>Extras\Serialize\BulletWorldImporter</Filter>
    </ClInclude>
    <ClInclude Include="..\..\Extras\Serialize\BulletWorldImporter\btWorldImporter.h">
      <Filter>Extras\Serialize\BulletWorldImporter</Filter>
    </ClInclude>
    <ClInclude Include="..\..\Extras\Serialize\BulletFileLoader\bChunk.h">
      <Filter>Extras\Serialize\BulletFileLoader</Filter>
    </ClInclude>
    <ClInclude Include="..\..\Extras\Serialize\BulletFileLoader\bCommon.h">
      <Filter>Extras\Serialize\BulletFileLoader</Filter>
    </ClInclude>
    <ClInclude Include="..\..\Extras\Serialize\BulletFileLoader\bDefines.h">
      <Filter>Extras\Serialize\BulletFileLoader</Filter>
    </ClInclude>
    <ClInclude Include="..\..\Extras\Serialize\BulletFileLoader\bDNA.h">
      <Filter>Extras\Serialize\BulletFileLoader</Filter>
    </ClInclude>
    <ClInclude Include="..\..\Extras\Serialize\BulletFileLoader\bFile.h">
      <Filter>Extras\Serialize\BulletFileLoader</Filter>
    </ClInclude>
    <ClInclude Include="..\..\Extras\Serialize\BulletFileLoader\btBulletFile.h">
      <Filter>Extras\Serialize\BulletFileLoader</Filter>
    </ClInclude>
    <ClInclude Include="..\..\examples\Planar2D\Planar2D.h">
      <Filter>examples\Planar2D</Filter>
    </ClInclude>
    <ClInclude Include="..\..\examples\RenderingExamples\CoordinateSystemDemo.h">
      <Filter>examples\RenderingExamples</Filter>
    </ClInclude>
    <ClInclude Include="..\..\examples\RenderingExamples\RaytracerSetup.h">
      <Filter>examples\RenderingExamples</Filter>
    </ClInclude>
    <ClInclude Include="..\..\examples\RenderingExamples\RenderInstancingDemo.h">
      <Filter>examples\RenderingExamples</Filter>
    </ClInclude>
    <ClInclude Include="..\..\examples\RenderingExamples\TimeSeriesCanvas.h">
      <Filter>examples\RenderingExamples</Filter>
    </ClInclude>
    <ClInclude Include="..\..\examples\RenderingExamples\TimeSeriesExample.h">
      <Filter>examples\RenderingExamples</Filter>
    </ClInclude>
    <ClInclude Include="..\..\examples\RenderingExamples\TimeSeriesFontData.h">
      <Filter>examples\RenderingExamples</Filter>
    </ClInclude>
    <ClInclude Include="..\..\examples\VoronoiFracture\btConvexConvexMprAlgorithm.h">
      <Filter>examples\VoronoiFracture</Filter>
    </ClInclude>
    <ClInclude Include="..\..\examples\VoronoiFracture\VoronoiFractureDemo.h">
      <Filter>examples\VoronoiFracture</Filter>
    </ClInclude>
    <ClInclude Include="..\..\examples\SoftDemo\BunnyMesh.h">
      <Filter>examples\SoftDemo</Filter>
    </ClInclude>
    <ClInclude Include="..\..\examples\SoftDemo\SoftDemo.h">
      <Filter>examples\SoftDemo</Filter>
    </ClInclude>
    <ClInclude Include="..\..\examples\SoftDemo\TorusMesh.h">
      <Filter>examples\SoftDemo</Filter>
    </ClInclude>
    <ClInclude Include="..\..\examples\RollingFrictionDemo\RollingFrictionDemo.h">
      <Filter>examples\RollingFrictionDemo</Filter>
    </ClInclude>
    <ClInclude Include="..\..\examples\FractureDemo\btFractureBody.h">
      <Filter>examples\FractureDemo</Filter>
    </ClInclude>
    <ClInclude Include="..\..\examples\FractureDemo\btFractureDynamicsWorld.h">
      <Filter>examples\FractureDemo</Filter>
    </ClInclude>
    <ClInclude Include="..\..\examples\FractureDemo\FractureDemo.h">
      <Filter>examples\FractureDemo</Filter>
    </ClInclude>
    <ClInclude Include="..\..\examples\DynamicControlDemo\MotorDemo.h">
      <Filter>examples\DynamicControlDemo</Filter>
    </ClInclude>
    <ClInclude Include="..\..\examples\Constraints\ConstraintDemo.h">
      <Filter>examples\Constraints</Filter>
    </ClInclude>
    <ClInclude Include="..\..\examples\Constraints\ConstraintPhysicsSetup.h">
      <Filter>examples\Constraints</Filter>
    </ClInclude>
    <ClInclude Include="..\..\examples\Constraints\Dof6Spring2Setup.h">
      <Filter>examples\Constraints</Filter>
    </ClInclude>
    <ClInclude Include="..\..\examples\Constraints\TestHingeTorque.h">
      <Filter>examples\Constraints</Filter>
    </ClInclude>
    <ClInclude Include="..\..\examples\Vehicles\Hinge2Vehicle.h">
      <Filter>examples\Vehicles</Filter>
    </ClInclude>
    <ClInclude Include="..\..\examples\Raycast\RaytestDemo.h">
      <Filter>examples\Raycast</Filter>
    </ClInclude>
    <ClInclude Include="..\..\examples\ThirdPartyLibs\stb_image\stb_image.h">
      <Filter>examples\ThirdPartyLibs\stb_image</Filter>
    </ClInclude>
    <ClInclude Include="..\..\examples\ThirdPartyLibs\Wavefront\tiny_obj_loader.h">
      <Filter>examples\ThirdPartyLibs\Wavefront</Filter>
    </ClInclude>
    <ClInclude Include="..\..\examples\ThirdPartyLibs\tinyxml\tinystr.h">
      <Filter>examples\ThirdPartyLibs\tinyxml</Filter>
    </ClInclude>
    <ClInclude Include="..\..\examples\ThirdPartyLibs\tinyxml\tinyxml.h">
      <Filter>examples\ThirdPartyLibs\tinyxml</Filter>
    </ClInclude>
    <ClInclude Include="..\..\examples\Utils\b3Clock.h">
      <Filter>examples\Utils</Filter>
    </ClInclude>
    <ClInclude Include="..\..\examples\Utils\b3ResourcePath.h">
      <Filter>examples\Utils</Filter>
    </ClInclude>
    <ClInclude Include="..\..\examples\GyroscopicDemo\GyroscopicSetup.h">
      <Filter>examples\GyroscopicDemo</Filter>
    </ClInclude>
    <ClInclude Include="..\..\examples\ThirdPartyLibs\urdf\urdfdom\urdf_parser\include\urdf_parser\urdf_parser.h">
      <Filter>examples\ThirdPartyLibs\urdf\urdfdom\urdf_parser\include\urdf_parser</Filter>
    </ClInclude>
    <ClInclude Include="..\..\examples\ThirdPartyLibs\urdf\urdfdom_headers\urdf_exception\include\urdf_exception\exception.h">
      <Filter>examples\ThirdPartyLibs\urdf\urdfdom_headers\urdf_exception\include\urdf_exception</Filter>
    </ClInclude>
    <ClInclude Include="..\..\examples\ThirdPartyLibs\urdf\urdfdom_headers\urdf_model\include\urdf_model\pose.h">
      <Filter>examples\ThirdPartyLibs\urdf\urdfdom_headers\urdf_model\include\urdf_model</Filter>
    </ClInclude>
    <ClInclude Include="..\..\examples\ThirdPartyLibs\urdf\urdfdom_headers\urdf_model\include\urdf_model\model.h">
      <Filter>examples\ThirdPartyLibs\urdf\urdfdom_headers\urdf_model\include\urdf_model</Filter>
    </ClInclude>
    <ClInclude Include="..\..\examples\ThirdPartyLibs\urdf\urdfdom_headers\urdf_model\include\urdf_model\link.h">
      <Filter>examples\ThirdPartyLibs\urdf\urdfdom_headers\urdf_model\include\urdf_model</Filter>
    </ClInclude>
    <ClInclude Include="..\..\examples\ThirdPartyLibs\urdf\urdfdom_headers\urdf_model\include\urdf_model\joint.h">
      <Filter>examples\ThirdPartyLibs\urdf\urdfdom_headers\urdf_model\include\urdf_model</Filter>
    </ClInclude>
    <ClInclude Include="..\..\examples\ThirdPartyLibs\urdf\boost_replacement\lexical_cast.h">
      <Filter>examples\ThirdPartyLibs\urdf\boost_replacement</Filter>
    </ClInclude>
    <ClInclude Include="..\..\examples\ThirdPartyLibs\urdf\boost_replacement\shared_ptr.h">
      <Filter>examples\ThirdPartyLibs\urdf\boost_replacement</Filter>
    </ClInclude>
    <ClInclude Include="..\..\examples\ThirdPartyLibs\urdf\boost_replacement\printf_console.h">
      <Filter>examples\ThirdPartyLibs\urdf\boost_replacement</Filter>
    </ClInclude>
    <ClInclude Include="..\..\examples\ThirdPartyLibs\urdf\boost_replacement\string_split.h">
      <Filter>examples\ThirdPartyLibs\urdf\boost_replacement</Filter>
    </ClInclude>
    <ClInclude Include="..\..\examples\OpenCL\broadphase\PairBench.h">
      <Filter>examples\OpenCL\broadphase</Filter>
    </ClInclude>
    <ClInclude Include="..\..\examples\OpenCL\broadphase\pairsKernel.h">
      <Filter>examples\OpenCL\broadphase</Filter>
    </ClInclude>
    <ClInclude Include="..\..\examples\OpenCL\CommonOpenCL\CommonOpenCLBase.h">
      <Filter>examples\OpenCL\CommonOpenCL</Filter>
    </ClInclude>
    <ClInclude Include="..\..\examples\OpenCL\CommonOpenCL\GpuDemoInternalData.h">
      <Filter>examples\OpenCL\CommonOpenCL</Filter>
    </ClInclude>
  </ItemGroup>
  <ItemGroup>
    <ClCompile Include="..\..\src\clew\clew.c">
      <Filter>src\clew</Filter>
    </ClCompile>
    <ClCompile Include="..\..\examples\ThirdPartyLibs\Glew\glew.c">
      <Filter>examples\ThirdPartyLibs\Glew</Filter>
    </ClCompile>
    <ClCompile Include="..\..\examples\ExampleBrowser\ExampleEntries.cpp">
      <Filter>examples\ExampleBrowser</Filter>
    </ClCompile>
    <ClCompile Include="..\..\examples\ExampleBrowser\GL_ShapeDrawer.cpp">
      <Filter>examples\ExampleBrowser</Filter>
    </ClCompile>
    <ClCompile Include="..\..\examples\ExampleBrowser\main.cpp">
      <Filter>examples\ExampleBrowser</Filter>
    </ClCompile>
    <ClCompile Include="..\..\examples\ExampleBrowser\OpenGLExampleBrowser.cpp">
      <Filter>examples\ExampleBrowser</Filter>
    </ClCompile>
    <ClCompile Include="..\..\examples\ExampleBrowser\OpenGLGuiHelper.cpp">
      <Filter>examples\ExampleBrowser</Filter>
    </ClCompile>
    <ClCompile Include="..\..\examples\ExampleBrowser\GwenGUISupport\GraphingTexture.cpp">
      <Filter>examples\ExampleBrowser\GwenGUISupport</Filter>
    </ClCompile>
    <ClCompile Include="..\..\examples\ExampleBrowser\GwenGUISupport\GwenParameterInterface.cpp">
      <Filter>examples\ExampleBrowser\GwenGUISupport</Filter>
    </ClCompile>
    <ClCompile Include="..\..\examples\ExampleBrowser\GwenGUISupport\GwenProfileWindow.cpp">
      <Filter>examples\ExampleBrowser\GwenGUISupport</Filter>
    </ClCompile>
    <ClCompile Include="..\..\examples\ExampleBrowser\GwenGUISupport\GwenTextureWindow.cpp">
      <Filter>examples\ExampleBrowser\GwenGUISupport</Filter>
    </ClCompile>
    <ClCompile Include="..\..\examples\ExampleBrowser\GwenGUISupport\gwenUserInterface.cpp">
      <Filter>examples\ExampleBrowser\GwenGUISupport</Filter>
    </ClCompile>
    <ClCompile Include="..\..\examples\SharedMemory\PhysicsClientC_API.cpp">
      <Filter>examples\SharedMemory</Filter>
    </ClCompile>
    <ClCompile Include="..\..\examples\SharedMemory\PhysicsServerExample.cpp">
      <Filter>examples\SharedMemory</Filter>
    </ClCompile>
    <ClCompile Include="..\..\examples\SharedMemory\PhysicsClientExample.cpp">
      <Filter>examples\SharedMemory</Filter>
    </ClCompile>
    <ClCompile Include="..\..\examples\SharedMemory\PhysicsServer.cpp">
      <Filter>examples\SharedMemory</Filter>
    </ClCompile>
    <ClCompile Include="..\..\examples\SharedMemory\PhysicsServerSharedMemory.cpp">
      <Filter>examples\SharedMemory</Filter>
    </ClCompile>
    <ClCompile Include="..\..\examples\SharedMemory\PhysicsClientSharedMemory.cpp">
      <Filter>examples\SharedMemory</Filter>
    </ClCompile>
    <ClCompile Include="..\..\examples\SharedMemory\PhysicsClient.cpp">
      <Filter>examples\SharedMemory</Filter>
    </ClCompile>
    <ClCompile Include="..\..\examples\SharedMemory\PosixSharedMemory.cpp">
      <Filter>examples\SharedMemory</Filter>
    </ClCompile>
    <ClCompile Include="..\..\examples\SharedMemory\Win32SharedMemory.cpp">
      <Filter>examples\SharedMemory</Filter>
    </ClCompile>
    <ClCompile Include="..\..\examples\SharedMemory\PhysicsDirect.cpp">
      <Filter>examples\SharedMemory</Filter>
    </ClCompile>
    <ClCompile Include="..\..\examples\SharedMemory\PhysicsDirectC_API.cpp">
      <Filter>examples\SharedMemory</Filter>
    </ClCompile>
    <ClCompile Include="..\..\examples\SharedMemory\PhysicsLoopBack.cpp">
      <Filter>examples\SharedMemory</Filter>
    </ClCompile>
    <ClCompile Include="..\..\examples\SharedMemory\PhysicsLoopBackC_API.cpp">
      <Filter>examples\SharedMemory</Filter>
    </ClCompile>
    <ClCompile Include="..\..\examples\SharedMemory\PhysicsServerCommandProcessor.cpp">
      <Filter>examples\SharedMemory</Filter>
    </ClCompile>
    <ClCompile Include="..\..\examples\MultiThreading\MultiThreadingExample.cpp">
      <Filter>examples\MultiThreading</Filter>
    </ClCompile>
    <ClCompile Include="..\..\examples\MultiThreading\b3PosixThreadSupport.cpp">
      <Filter>examples\MultiThreading</Filter>
    </ClCompile>
    <ClCompile Include="..\..\examples\MultiThreading\b3Win32ThreadSupport.cpp">
      <Filter>examples\MultiThreading</Filter>
    </ClCompile>
    <ClCompile Include="..\..\examples\MultiThreading\b3ThreadSupportInterface.cpp">
      <Filter>examples\MultiThreading</Filter>
    </ClCompile>
    <ClCompile Include="..\..\examples\InverseDynamics\InverseDynamicsExample.cpp">
      <Filter>examples\InverseDynamics</Filter>
    </ClCompile>
    <ClCompile Include="..\..\examples\BasicDemo\BasicExample.cpp">
      <Filter>examples\BasicDemo</Filter>
    </ClCompile>
    <ClCompile Include="..\..\examples\Tutorial\Dof6ConstraintTutorial.cpp">
      <Filter>examples\Tutorial</Filter>
    </ClCompile>
    <ClCompile Include="..\..\examples\Tutorial\Tutorial.cpp">
      <Filter>examples\Tutorial</Filter>
    </ClCompile>
    <ClCompile Include="..\..\examples\Collision\CollisionSdkC_Api.cpp">
      <Filter>examples\Collision</Filter>
    </ClCompile>
    <ClCompile Include="..\..\examples\Collision\CollisionTutorialBullet2.cpp">
      <Filter>examples\Collision</Filter>
    </ClCompile>
    <ClCompile Include="..\..\examples\Collision\Internal\Bullet2CollisionSdk.cpp">
      <Filter>examples\Collision\Internal</Filter>
    </ClCompile>
    <ClCompile Include="..\..\examples\Collision\Internal\RealTimeBullet3CollisionSdk.cpp">
      <Filter>examples\Collision\Internal</Filter>
    </ClCompile>
    <ClCompile Include="..\..\examples\Benchmarks\BenchmarkDemo.cpp">
      <Filter>examples\Benchmarks</Filter>
    </ClCompile>
    <ClCompile Include="..\..\examples\ForkLift\ForkLiftDemo.cpp">
      <Filter>examples\ForkLift</Filter>
    </ClCompile>
    <ClCompile Include="..\..\examples\Importers\ImportBsp\BspConverter.cpp">
      <Filter>examples\Importers\ImportBsp</Filter>
    </ClCompile>
    <ClCompile Include="..\..\examples\Importers\ImportBsp\BspLoader.cpp">
      <Filter>examples\Importers\ImportBsp</Filter>
    </ClCompile>
    <ClCompile Include="..\..\examples\Importers\ImportBsp\ImportBspExample.cpp">
      <Filter>examples\Importers\ImportBsp</Filter>
    </ClCompile>
    <ClCompile Include="..\..\examples\Importers\ImportBullet\SerializeSetup.cpp">
      <Filter>examples\Importers\ImportBullet</Filter>
    </ClCompile>
    <ClCompile Include="..\..\examples\Importers\ImportColladaDemo\ImportColladaSetup.cpp">
      <Filter>examples\Importers\ImportColladaDemo</Filter>
    </ClCompile>
    <ClCompile Include="..\..\examples\Importers\ImportColladaDemo\LoadMeshFromCollada.cpp">
      <Filter>examples\Importers\ImportColladaDemo</Filter>
    </ClCompile>
    <ClCompile Include="..\..\examples\Importers\ImportObjDemo\ImportObjExample.cpp">
      <Filter>examples\Importers\ImportObjDemo</Filter>
    </ClCompile>
    <ClCompile Include="..\..\examples\Importers\ImportObjDemo\LoadMeshFromObj.cpp">
      <Filter>examples\Importers\ImportObjDemo</Filter>
    </ClCompile>
    <ClCompile Include="..\..\examples\Importers\ImportObjDemo\Wavefront2GLInstanceGraphicsShape.cpp">
      <Filter>examples\Importers\ImportObjDemo</Filter>
    </ClCompile>
    <ClCompile Include="..\..\examples\Importers\ImportSTLDemo\ImportSTLSetup.cpp">
      <Filter>examples\Importers\ImportSTLDemo</Filter>
    </ClCompile>
    <ClCompile Include="..\..\examples\Importers\ImportURDFDemo\BulletUrdfImporter.cpp">
      <Filter>examples\Importers\ImportURDFDemo</Filter>
    </ClCompile>
    <ClCompile Include="..\..\examples\Importers\ImportURDFDemo\ImportURDFSetup.cpp">
      <Filter>examples\Importers\ImportURDFDemo</Filter>
    </ClCompile>
    <ClCompile Include="..\..\examples\Importers\ImportURDFDemo\MyMultiBodyCreator.cpp">
      <Filter>examples\Importers\ImportURDFDemo</Filter>
    </ClCompile>
    <ClCompile Include="..\..\examples\Importers\ImportURDFDemo\ROSURDFImporter.cpp">
      <Filter>examples\Importers\ImportURDFDemo</Filter>
    </ClCompile>
    <ClCompile Include="..\..\examples\Importers\ImportURDFDemo\URDF2Bullet.cpp">
      <Filter>examples\Importers\ImportURDFDemo</Filter>
    </ClCompile>
    <ClCompile Include="..\..\examples\Importers\ImportURDFDemo\UrdfParser.cpp">
      <Filter>examples\Importers\ImportURDFDemo</Filter>
    </ClCompile>
    <ClCompile Include="..\..\examples\Importers\ImportURDFDemo\urdfStringSplit.cpp">
      <Filter>examples\Importers\ImportURDFDemo</Filter>
    </ClCompile>
    <ClCompile Include="..\..\Extras\Serialize\BulletWorldImporter\btBulletWorldImporter.cpp">
      <Filter>Extras\Serialize\BulletWorldImporter</Filter>
    </ClCompile>
    <ClCompile Include="..\..\Extras\Serialize\BulletWorldImporter\btWorldImporter.cpp">
      <Filter>Extras\Serialize\BulletWorldImporter</Filter>
    </ClCompile>
    <ClCompile Include="..\..\Extras\Serialize\BulletFileLoader\bChunk.cpp">
      <Filter>Extras\Serialize\BulletFileLoader</Filter>
    </ClCompile>
    <ClCompile Include="..\..\Extras\Serialize\BulletFileLoader\bDNA.cpp">
      <Filter>Extras\Serialize\BulletFileLoader</Filter>
    </ClCompile>
    <ClCompile Include="..\..\Extras\Serialize\BulletFileLoader\bFile.cpp">
      <Filter>Extras\Serialize\BulletFileLoader</Filter>
    </ClCompile>
    <ClCompile Include="..\..\Extras\Serialize\BulletFileLoader\btBulletFile.cpp">
      <Filter>Extras\Serialize\BulletFileLoader</Filter>
    </ClCompile>
    <ClCompile Include="..\..\examples\Planar2D\Planar2D.cpp">
      <Filter>examples\Planar2D</Filter>
    </ClCompile>
    <ClCompile Include="..\..\examples\RenderingExamples\CoordinateSystemDemo.cpp">
      <Filter>examples\RenderingExamples</Filter>
    </ClCompile>
    <ClCompile Include="..\..\examples\RenderingExamples\RaytracerSetup.cpp">
      <Filter>examples\RenderingExamples</Filter>
    </ClCompile>
    <ClCompile Include="..\..\examples\RenderingExamples\RenderInstancingDemo.cpp">
      <Filter>examples\RenderingExamples</Filter>
    </ClCompile>
    <ClCompile Include="..\..\examples\RenderingExamples\TimeSeriesCanvas.cpp">
      <Filter>examples\RenderingExamples</Filter>
    </ClCompile>
    <ClCompile Include="..\..\examples\RenderingExamples\TimeSeriesExample.cpp">
      <Filter>examples\RenderingExamples</Filter>
    </ClCompile>
    <ClCompile Include="..\..\examples\RenderingExamples\TimeSeriesFontData.cpp">
      <Filter>examples\RenderingExamples</Filter>
    </ClCompile>
    <ClCompile Include="..\..\examples\VoronoiFracture\btConvexConvexMprAlgorithm.cpp">
      <Filter>examples\VoronoiFracture</Filter>
    </ClCompile>
    <ClCompile Include="..\..\examples\VoronoiFracture\VoronoiFractureDemo.cpp">
      <Filter>examples\VoronoiFracture</Filter>
    </ClCompile>
    <ClCompile Include="..\..\examples\SoftDemo\SoftDemo.cpp">
      <Filter>examples\SoftDemo</Filter>
    </ClCompile>
    <ClCompile Include="..\..\examples\RollingFrictionDemo\RollingFrictionDemo.cpp">
      <Filter>examples\RollingFrictionDemo</Filter>
    </ClCompile>
    <ClCompile Include="..\..\examples\FractureDemo\btFractureBody.cpp">
      <Filter>examples\FractureDemo</Filter>
    </ClCompile>
    <ClCompile Include="..\..\examples\FractureDemo\btFractureDynamicsWorld.cpp">
      <Filter>examples\FractureDemo</Filter>
    </ClCompile>
    <ClCompile Include="..\..\examples\FractureDemo\FractureDemo.cpp">
      <Filter>examples\FractureDemo</Filter>
    </ClCompile>
    <ClCompile Include="..\..\examples\DynamicControlDemo\MotorDemo.cpp">
      <Filter>examples\DynamicControlDemo</Filter>
    </ClCompile>
    <ClCompile Include="..\..\examples\Constraints\ConstraintDemo.cpp">
      <Filter>examples\Constraints</Filter>
    </ClCompile>
    <ClCompile Include="..\..\examples\Constraints\ConstraintPhysicsSetup.cpp">
      <Filter>examples\Constraints</Filter>
    </ClCompile>
    <ClCompile Include="..\..\examples\Constraints\Dof6Spring2Setup.cpp">
      <Filter>examples\Constraints</Filter>
    </ClCompile>
    <ClCompile Include="..\..\examples\Constraints\TestHingeTorque.cpp">
      <Filter>examples\Constraints</Filter>
    </ClCompile>
    <ClCompile Include="..\..\examples\Vehicles\Hinge2Vehicle.cpp">
      <Filter>examples\Vehicles</Filter>
    </ClCompile>
    <ClCompile Include="..\..\examples\Raycast\RaytestDemo.cpp">
      <Filter>examples\Raycast</Filter>
    </ClCompile>
    <ClCompile Include="..\..\examples\MultiBody\MultiDofDemo.cpp">
      <Filter>examples\MultiBody</Filter>
    </ClCompile>
    <ClCompile Include="..\..\examples\MultiBody\TestJointTorqueSetup.cpp">
      <Filter>examples\MultiBody</Filter>
    </ClCompile>
    <ClCompile Include="..\..\examples\MultiBody\Pendulum.cpp">
      <Filter>examples\MultiBody</Filter>
    </ClCompile>
    <ClCompile Include="..\..\examples\MultiBody\MultiBodyConstraintFeedback.cpp">
      <Filter>examples\MultiBody</Filter>
    </ClCompile>
    <ClCompile Include="..\..\examples\MultiBody\InvertedPendulumPDControl.cpp">
      <Filter>examples\MultiBody</Filter>
    </ClCompile>
    <ClCompile Include="..\..\examples\ThirdPartyLibs\stb_image\stb_image.cpp">
      <Filter>examples\ThirdPartyLibs\stb_image</Filter>
    </ClCompile>
    <ClCompile Include="..\..\examples\ThirdPartyLibs\Wavefront\tiny_obj_loader.cpp">
      <Filter>examples\ThirdPartyLibs\Wavefront</Filter>
    </ClCompile>
    <ClCompile Include="..\..\examples\ThirdPartyLibs\tinyxml\tinystr.cpp">
      <Filter>examples\ThirdPartyLibs\tinyxml</Filter>
    </ClCompile>
    <ClCompile Include="..\..\examples\ThirdPartyLibs\tinyxml\tinyxml.cpp">
      <Filter>examples\ThirdPartyLibs\tinyxml</Filter>
    </ClCompile>
    <ClCompile Include="..\..\examples\ThirdPartyLibs\tinyxml\tinyxmlerror.cpp">
      <Filter>examples\ThirdPartyLibs\tinyxml</Filter>
    </ClCompile>
    <ClCompile Include="..\..\examples\ThirdPartyLibs\tinyxml\tinyxmlparser.cpp">
      <Filter>examples\ThirdPartyLibs\tinyxml</Filter>
    </ClCompile>
    <ClCompile Include="..\..\examples\Utils\b3Clock.cpp">
      <Filter>examples\Utils</Filter>
    </ClCompile>
    <ClCompile Include="..\..\examples\Utils\b3ResourcePath.cpp">
      <Filter>examples\Utils</Filter>
    </ClCompile>
    <ClCompile Include="..\..\examples\GyroscopicDemo\GyroscopicSetup.cpp">
      <Filter>examples\GyroscopicDemo</Filter>
    </ClCompile>
    <ClCompile Include="..\..\examples\ThirdPartyLibs\urdf\urdfdom\urdf_parser\src\pose.cpp">
      <Filter>examples\ThirdPartyLibs\urdf\urdfdom\urdf_parser\src</Filter>
    </ClCompile>
    <ClCompile Include="..\..\examples\ThirdPartyLibs\urdf\urdfdom\urdf_parser\src\model.cpp">
      <Filter>examples\ThirdPartyLibs\urdf\urdfdom\urdf_parser\src</Filter>
    </ClCompile>
    <ClCompile Include="..\..\examples\ThirdPartyLibs\urdf\urdfdom\urdf_parser\src\link.cpp">
      <Filter>examples\ThirdPartyLibs\urdf\urdfdom\urdf_parser\src</Filter>
    </ClCompile>
    <ClCompile Include="..\..\examples\ThirdPartyLibs\urdf\urdfdom\urdf_parser\src\joint.cpp">
      <Filter>examples\ThirdPartyLibs\urdf\urdfdom\urdf_parser\src</Filter>
    </ClCompile>
    <ClCompile Include="..\..\examples\ThirdPartyLibs\urdf\boost_replacement\printf_console.cpp">
      <Filter>examples\ThirdPartyLibs\urdf\boost_replacement</Filter>
    </ClCompile>
    <ClCompile Include="..\..\examples\ThirdPartyLibs\urdf\boost_replacement\string_split.cpp">
      <Filter>examples\ThirdPartyLibs\urdf\boost_replacement</Filter>
    </ClCompile>
    <ClCompile Include="..\..\examples\OpenCL\broadphase\PairBench.cpp">
      <Filter>examples\OpenCL\broadphase</Filter>
    </ClCompile>
    <ClCompile Include="..\..\examples\OpenCL\rigidbody\GpuConvexScene.cpp">
      <Filter>examples\OpenCL\rigidbody</Filter>
    </ClCompile>
    <ClCompile Include="..\..\examples\OpenCL\rigidbody\GpuRigidBodyDemo.cpp">
      <Filter>examples\OpenCL\rigidbody</Filter>
    </ClCompile>
  </ItemGroup>
</Project>
