<?xml version="1.0" encoding="utf-8"?>
<Project ToolsVersion="4.0" xmlns="http://schemas.microsoft.com/developer/msbuild/2003">
  <ItemGroup>
    <Filter Include="src">
      <UniqueIdentifier>{713E0EDF-2A26-B74A-AE43-9445FB806154}</UniqueIdentifier>
    </Filter>
    <Filter Include="src\Bullet3Serialize">
      <UniqueIdentifier>{F56D308C-6283-9A46-9E43-A2F9DA1CF983}</UniqueIdentifier>
    </Filter>
    <Filter Include="src\Bullet3Serialize\Bullet2FileLoader">
      <UniqueIdentifier>{B7450253-0DBE-3241-8AE9-539AC6386592}</UniqueIdentifier>
    </Filter>
    <Filter Include="src\Bullet3Serialize\Bullet2FileLoader\autogenerated">
      <UniqueIdentifier>{7E489E71-F3FC-EB49-A8A5-2F2417F188DE}</UniqueIdentifier>
    </Filter>
  </ItemGroup>
  <ItemGroup>
    <ClInclude Include="..\..\src\Bullet3Serialize\Bullet2FileLoader\b3BulletFile.h">
      <Filter>src\Bullet3Serialize\Bullet2FileLoader</Filter>
    </ClInclude>
    <ClInclude Include="..\..\src\Bullet3Serialize\Bullet2FileLoader\b3Chunk.h">
      <Filter>src\Bullet3Serialize\Bullet2FileLoader</Filter>
    </ClInclude>
    <ClInclude Include="..\..\src\Bullet3Serialize\Bullet2FileLoader\b3Common.h">
      <Filter>src\Bullet3Serialize\Bullet2FileLoader</Filter>
    </ClInclude>
    <ClInclude Include="..\..\src\Bullet3Serialize\Bullet2FileLoader\b3Defines.h">
      <Filter>src\Bullet3Serialize\Bullet2FileLoader</Filter>
    </ClInclude>
    <ClInclude Include="..\..\src\Bullet3Serialize\Bullet2FileLoader\b3DNA.h">
      <Filter>src\Bullet3Serialize\Bullet2FileLoader</Filter>
    </ClInclude>
    <ClInclude Include="..\..\src\Bullet3Serialize\Bullet2FileLoader\b3File.h">
      <Filter>src\Bullet3Serialize\Bullet2FileLoader</Filter>
    </ClInclude>
    <ClInclude Include="..\..\src\Bullet3Serialize\Bullet2FileLoader\b3Serializer.h">
      <Filter>src\Bullet3Serialize\Bullet2FileLoader</Filter>
    </ClInclude>
    <ClInclude Include="..\..\src\Bullet3Serialize\Bullet2FileLoader\autogenerated\bullet2.h">
      <Filter>src\Bullet3Serialize\Bullet2FileLoader\autogenerated</Filter>
    </ClInclude>
  </ItemGroup>
  <ItemGroup>
    <ClCompile Include="..\..\src\Bullet3Serialize\Bullet2FileLoader\b3BulletFile.cpp">
      <Filter>src\Bullet3Serialize\Bullet2FileLoader</Filter>
    </ClCompile>
    <ClCompile Include="..\..\src\Bullet3Serialize\Bullet2FileLoader\b3Chunk.cpp">
      <Filter>src\Bullet3Serialize\Bullet2FileLoader</Filter>
    </ClCompile>
    <ClCompile Include="..\..\src\Bullet3Serialize\Bullet2FileLoader\b3DNA.cpp">
      <Filter>src\Bullet3Serialize\Bullet2FileLoader</Filter>
    </ClCompile>
    <ClCompile Include="..\..\src\Bullet3Serialize\Bullet2FileLoader\b3File.cpp">
      <Filter>src\Bullet3Serialize\Bullet2FileLoader</Filter>
    </ClCompile>
    <ClCompile Include="..\..\src\Bullet3Serialize\Bullet2FileLoader\b3Serializer.cpp">
      <Filter>src\Bullet3Serialize\Bullet2FileLoader</Filter>
    </ClCompile>
  </ItemGroup>
</Project>
