<?xml version="1.0" encoding="utf-8"?>
<Project ToolsVersion="4.0" xmlns="http://schemas.microsoft.com/developer/msbuild/2003">
  <ItemGroup>
    <Filter Include="src">
      <UniqueIdentifier>{06CDBEE0-EBF6-E147-89D1-7E8212339BD2}</UniqueIdentifier>
    </Filter>
    <Filter Include="src\Bullet3Collision">
      <UniqueIdentifier>{F94B5622-96FE-AC47-A2C0-8DD012085914}</UniqueIdentifier>
    </Filter>
    <Filter Include="src\Bullet3Collision\BroadPhaseCollision">
      <UniqueIdentifier>{F2A4A740-62FD-C64A-8132-B87C94FC5193}</UniqueIdentifier>
    </Filter>
    <Filter Include="src\Bullet3Collision\NarrowPhaseCollision">
      <UniqueIdentifier>{B9BABEDE-B4F0-8C40-8303-D024255147DD}</UniqueIdentifier>
    </Filter>
    <Filter Include="src\Bullet3Collision\BroadPhaseCollision\shared">
      <UniqueIdentifier>{45B48CAA-C732-F04B-B79D-ECBAAFB4CE48}</UniqueIdentifier>
    </Filter>
    <Filter Include="src\Bullet3Collision\NarrowPhaseCollision\shared">
      <UniqueIdentifier>{AA45DD91-9F5F-9D4C-AF6B-F8E778589EE8}</UniqueIdentifier>
    </Filter>
  </ItemGroup>
  <ItemGroup>
    <ClInclude Include="..\..\src\Bullet3Collision\BroadPhaseCollision\b3BroadphaseCallback.h">
      <Filter>src\Bullet3Collision\BroadPhaseCollision</Filter>
    </ClInclude>
    <ClInclude Include="..\..\src\Bullet3Collision\BroadPhaseCollision\b3DynamicBvh.h">
      <Filter>src\Bullet3Collision\BroadPhaseCollision</Filter>
    </ClInclude>
    <ClInclude Include="..\..\src\Bullet3Collision\BroadPhaseCollision\b3DynamicBvhBroadphase.h">
      <Filter>src\Bullet3Collision\BroadPhaseCollision</Filter>
    </ClInclude>
    <ClInclude Include="..\..\src\Bullet3Collision\BroadPhaseCollision\b3OverlappingPair.h">
      <Filter>src\Bullet3Collision\BroadPhaseCollision</Filter>
    </ClInclude>
    <ClInclude Include="..\..\src\Bullet3Collision\BroadPhaseCollision\b3OverlappingPairCache.h">
      <Filter>src\Bullet3Collision\BroadPhaseCollision</Filter>
    </ClInclude>
    <ClInclude Include="..\..\src\Bullet3Collision\BroadPhaseCollision\shared\b3Aabb.h">
      <Filter>src\Bullet3Collision\BroadPhaseCollision\shared</Filter>
    </ClInclude>
    <ClInclude Include="..\..\src\Bullet3Collision\NarrowPhaseCollision\b3Config.h">
      <Filter>src\Bullet3Collision\NarrowPhaseCollision</Filter>
    </ClInclude>
    <ClInclude Include="..\..\src\Bullet3Collision\NarrowPhaseCollision\b3Contact4.h">
      <Filter>src\Bullet3Collision\NarrowPhaseCollision</Filter>
    </ClInclude>
    <ClInclude Include="..\..\src\Bullet3Collision\NarrowPhaseCollision\b3ConvexUtility.h">
      <Filter>src\Bullet3Collision\NarrowPhaseCollision</Filter>
    </ClInclude>
    <ClInclude Include="..\..\src\Bullet3Collision\NarrowPhaseCollision\b3CpuNarrowPhase.h">
      <Filter>src\Bullet3Collision\NarrowPhaseCollision</Filter>
    </ClInclude>
    <ClInclude Include="..\..\src\Bullet3Collision\NarrowPhaseCollision\b3RaycastInfo.h">
      <Filter>src\Bullet3Collision\NarrowPhaseCollision</Filter>
    </ClInclude>
    <ClInclude Include="..\..\src\Bullet3Collision\NarrowPhaseCollision\b3RigidBodyCL.h">
      <Filter>src\Bullet3Collision\NarrowPhaseCollision</Filter>
    </ClInclude>
    <ClInclude Include="..\..\src\Bullet3Collision\NarrowPhaseCollision\shared\b3BvhSubtreeInfoData.h">
      <Filter>src\Bullet3Collision\NarrowPhaseCollision\shared</Filter>
    </ClInclude>
    <ClInclude Include="..\..\src\Bullet3Collision\NarrowPhaseCollision\shared\b3BvhTraversal.h">
      <Filter>src\Bullet3Collision\NarrowPhaseCollision\shared</Filter>
    </ClInclude>
    <ClInclude Include="..\..\src\Bullet3Collision\NarrowPhaseCollision\shared\b3ClipFaces.h">
      <Filter>src\Bullet3Collision\NarrowPhaseCollision\shared</Filter>
    </ClInclude>
    <ClInclude Include="..\..\src\Bullet3Collision\NarrowPhaseCollision\shared\b3Collidable.h">
      <Filter>src\Bullet3Collision\NarrowPhaseCollision\shared</Filter>
    </ClInclude>
    <ClInclude Include="..\..\src\Bullet3Collision\NarrowPhaseCollision\shared\b3Contact4Data.h">
      <Filter>src\Bullet3Collision\NarrowPhaseCollision\shared</Filter>
    </ClInclude>
    <ClInclude Include="..\..\src\Bullet3Collision\NarrowPhaseCollision\shared\b3ContactConvexConvexSAT.h">
      <Filter>src\Bullet3Collision\NarrowPhaseCollision\shared</Filter>
    </ClInclude>
    <ClInclude Include="..\..\src\Bullet3Collision\NarrowPhaseCollision\shared\b3ContactSphereSphere.h">
      <Filter>src\Bullet3Collision\NarrowPhaseCollision\shared</Filter>
    </ClInclude>
    <ClInclude Include="..\..\src\Bullet3Collision\NarrowPhaseCollision\shared\b3ConvexPolyhedronData.h">
      <Filter>src\Bullet3Collision\NarrowPhaseCollision\shared</Filter>
    </ClInclude>
    <ClInclude Include="..\..\src\Bullet3Collision\NarrowPhaseCollision\shared\b3FindConcaveSatAxis.h">
      <Filter>src\Bullet3Collision\NarrowPhaseCollision\shared</Filter>
    </ClInclude>
    <ClInclude Include="..\..\src\Bullet3Collision\NarrowPhaseCollision\shared\b3FindSeparatingAxis.h">
      <Filter>src\Bullet3Collision\NarrowPhaseCollision\shared</Filter>
    </ClInclude>
    <ClInclude Include="..\..\src\Bullet3Collision\NarrowPhaseCollision\shared\b3MprPenetration.h">
      <Filter>src\Bullet3Collision\NarrowPhaseCollision\shared</Filter>
    </ClInclude>
    <ClInclude Include="..\..\src\Bullet3Collision\NarrowPhaseCollision\shared\b3NewContactReduction.h">
      <Filter>src\Bullet3Collision\NarrowPhaseCollision\shared</Filter>
    </ClInclude>
    <ClInclude Include="..\..\src\Bullet3Collision\NarrowPhaseCollision\shared\b3QuantizedBvhNodeData.h">
      <Filter>src\Bullet3Collision\NarrowPhaseCollision\shared</Filter>
    </ClInclude>
    <ClInclude Include="..\..\src\Bullet3Collision\NarrowPhaseCollision\shared\b3ReduceContacts.h">
      <Filter>src\Bullet3Collision\NarrowPhaseCollision\shared</Filter>
    </ClInclude>
    <ClInclude Include="..\..\src\Bullet3Collision\NarrowPhaseCollision\shared\b3RigidBodyData.h">
      <Filter>src\Bullet3Collision\NarrowPhaseCollision\shared</Filter>
    </ClInclude>
    <ClInclude Include="..\..\src\Bullet3Collision\NarrowPhaseCollision\shared\b3UpdateAabbs.h">
      <Filter>src\Bullet3Collision\NarrowPhaseCollision\shared</Filter>
    </ClInclude>
  </ItemGroup>
  <ItemGroup>
    <ClCompile Include="..\..\src\Bullet3Collision\BroadPhaseCollision\b3DynamicBvh.cpp">
      <Filter>src\Bullet3Collision\BroadPhaseCollision</Filter>
    </ClCompile>
    <ClCompile Include="..\..\src\Bullet3Collision\BroadPhaseCollision\b3DynamicBvhBroadphase.cpp">
      <Filter>src\Bullet3Collision\BroadPhaseCollision</Filter>
    </ClCompile>
    <ClCompile Include="..\..\src\Bullet3Collision\BroadPhaseCollision\b3OverlappingPairCache.cpp">
      <Filter>src\Bullet3Collision\BroadPhaseCollision</Filter>
    </ClCompile>
    <ClCompile Include="..\..\src\Bullet3Collision\NarrowPhaseCollision\b3ConvexUtility.cpp">
      <Filter>src\Bullet3Collision\NarrowPhaseCollision</Filter>
    </ClCompile>
    <ClCompile Include="..\..\src\Bullet3Collision\NarrowPhaseCollision\b3CpuNarrowPhase.cpp">
      <Filter>src\Bullet3Collision\NarrowPhaseCollision</Filter>
    </ClCompile>
  </ItemGroup>
</Project>
