
Microsoft Visual Studio Solution File, Format Version 12.00
# Visual Studio 15
VisualStudioVersion = 15.0.27428.2027
MinimumVisualStudioVersion = 10.0.40219.1
Project("{8BC9CEB8-8B4A-11D0-8D11-00A0C91BC942}") = "PAD-Engine", "PAD-Engine.vcxproj", "{F8CA2257-F73B-313D-A015-432ECBADC131}"
EndProject
Global
	GlobalSection(SolutionConfigurationPlatforms) = preSolution
		Debug|x64 = Debug|x64
		Release|x64 = Release|x64
	EndGlobalSection
	GlobalSection(ProjectConfigurationPlatforms) = postSolution
		{F8CA2257-F73B-313D-A015-432ECBADC131}.Debug|x64.ActiveCfg = Debug|x64
		{F8CA2257-F73B-313D-A015-432ECBADC131}.Debug|x64.Build.0 = Debug|x64
		{F8CA2257-F73B-313D-A015-432ECBADC131}.Release|x64.ActiveCfg = Release|x64
		{F8CA2257-F73B-313D-A015-432ECBADC131}.Release|x64.Build.0 = Release|x64
	EndGlobalSection
	GlobalSection(SolutionProperties) = preSolution
		HideSolutionNode = FALSE
	EndGlobalSection
	GlobalSection(ExtensibilityGlobals) = postSolution
		SolutionGuid = {112A4F01-D090-4E7E-A1B7-E92B301FAFEE}
	EndGlobalSection
EndGlobal
