<?xml version="1.0" encoding="utf-8"?>
<Project ToolsVersion="4.0" xmlns="http://schemas.microsoft.com/developer/msbuild/2003">
  <ItemGroup>
    <Filter Include="Source Files">
      <UniqueIdentifier>{4FC737F1-C7A5-4376-A066-2A32D752A2FF}</UniqueIdentifier>
      <Extensions>cpp;c;cc;cxx;def;odl;idl;hpj;bat;asm;asmx</Extensions>
    </Filter>
    <Filter Include="Header Files">
      <UniqueIdentifier>{93995380-89BD-4b04-88EB-625FBE52EBFB}</UniqueIdentifier>
      <Extensions>h;hh;hpp;hxx;hm;inl;inc;xsd</Extensions>
    </Filter>
    <Filter Include="Resource Files">
      <UniqueIdentifier>{67DA6AB6-F800-4c08-8B7A-83BB121AAD01}</UniqueIdentifier>
      <Extensions>rc;ico;cur;bmp;dlg;rc2;rct;bin;rgs;gif;jpg;jpeg;jpe;resx;tiff;tif;png;wav;mfcribbon-ms</Extensions>
    </Filter>
    <Filter Include="Source Files\Core">
      <UniqueIdentifier>{819dfca3-8be1-40cd-bdd4-31dc8a728bfc}</UniqueIdentifier>
    </Filter>
    <Filter Include="Header Files\Core">
      <UniqueIdentifier>{730fbecc-dad0-4a03-a48a-7354f6e9cc6d}</UniqueIdentifier>
    </Filter>
    <Filter Include="Header Files\System">
      <UniqueIdentifier>{931f5f77-33f6-461d-be70-22e325264375}</UniqueIdentifier>
    </Filter>
    <Filter Include="Source Files\System">
      <UniqueIdentifier>{9e2269a8-de15-4919-ac80-bf1a0541b70c}</UniqueIdentifier>
    </Filter>
    <Filter Include="Source Files\System\ECS">
      <UniqueIdentifier>{922b0db2-26a1-4258-85b1-732a042cd5d1}</UniqueIdentifier>
    </Filter>
    <Filter Include="Header Files\System\ECS">
      <UniqueIdentifier>{31351365-4fa7-44b8-8d1a-f37dc47ca292}</UniqueIdentifier>
    </Filter>
    <Filter Include="Header Files\Utilities">
      <UniqueIdentifier>{ae7f1c25-3d80-44af-926d-109847af5857}</UniqueIdentifier>
    </Filter>
    <Filter Include="Resources">
      <UniqueIdentifier>{584c050b-d69f-416f-abe8-a78583b841b3}</UniqueIdentifier>
    </Filter>
    <Filter Include="Resources\Shaders">
      <UniqueIdentifier>{7e10183c-10a7-4cd9-a30c-70bd275784d7}</UniqueIdentifier>
    </Filter>
    <Filter Include="Source Files\System\Physics">
      <UniqueIdentifier>{ccdf6619-b50f-46e6-9870-19c69d597994}</UniqueIdentifier>
    </Filter>
    <Filter Include="Source Files\System\ResourceManager">
      <UniqueIdentifier>{d4a4f04b-8d47-462c-906c-7ea2317a670d}</UniqueIdentifier>
    </Filter>
    <Filter Include="Header Files\System\Physics">
      <UniqueIdentifier>{07c47f7e-e6fc-4bc5-a29e-508581c4326c}</UniqueIdentifier>
    </Filter>
    <Filter Include="Header Files\System\ResourceManager">
      <UniqueIdentifier>{b17d9066-18ec-4256-b90b-d761d1689495}</UniqueIdentifier>
    </Filter>
    <Filter Include="Header Files\Graphics">
      <UniqueIdentifier>{6048f736-da9d-4568-b5bf-1c2253703102}</UniqueIdentifier>
    </Filter>
    <Filter Include="Source Files\Graphics">
      <UniqueIdentifier>{b12f80d5-8a64-422c-8edc-a311b5e5a508}</UniqueIdentifier>
    </Filter>
  </ItemGroup>
  <ItemGroup>
    <ClCompile Include="Sources\Core\Engine.cpp">
      <Filter>Source Files\Core</Filter>
    </ClCompile>
    <ClCompile Include="Sources\Main.cpp">
      <Filter>Source Files</Filter>
    </ClCompile>
    <ClCompile Include="Sources\Core\EngineClock.cpp">
      <Filter>Source Files\Core</Filter>
    </ClCompile>
    <ClCompile Include="Sources\Core\Timer.cpp">
      <Filter>Source Files\Core</Filter>
    </ClCompile>
    <ClCompile Include="Sources\Core\EngineDLL.cpp">
      <Filter>Source Files\Core</Filter>
    </ClCompile>
    <ClCompile Include="Sources\Core\IDPool.cpp">
      <Filter>Source Files\Core</Filter>
    </ClCompile>
    <ClCompile Include="Sources\System\Resource\Resource.cpp">
      <Filter>Source Files\System\ResourceManager</Filter>
    </ClCompile>
    <ClCompile Include="Sources\System\ECS\PADObject.cpp">
      <Filter>Source Files\System\ECS</Filter>
    </ClCompile>
    <ClCompile Include="Sources\System\ECS\Scene.cpp">
      <Filter>Source Files\System\ECS</Filter>
    </ClCompile>
    <ClCompile Include="Sources\System\ECS\Collider.cpp">
      <Filter>Source Files\System\ECS</Filter>
    </ClCompile>
    <ClCompile Include="Sources\System\ECS\RigidBody.cpp">
      <Filter>Source Files\System\ECS</Filter>
    </ClCompile>
    <ClCompile Include="Sources\System\Physics\BulletContext.cpp">
      <Filter>Source Files\System\Physics</Filter>
    </ClCompile>
    <ClCompile Include="Sources\System\ECS\PerspectiveCamera.cpp">
      <Filter>Source Files\System\ECS</Filter>
    </ClCompile>
    <ClCompile Include="Sources\System\ECS\MeshRenderer.cpp">
      <Filter>Source Files\System\ECS</Filter>
    </ClCompile>
    <ClCompile Include="Sources\System\Resource\MasterManager.cpp">
      <Filter>Source Files\System\ResourceManager</Filter>
    </ClCompile>
    <ClCompile Include="Sources\Graphics\HighLevelRenderer.cpp">
      <Filter>Source Files\Graphics</Filter>
    </ClCompile>
  </ItemGroup>
  <ItemGroup>
    <ClInclude Include="Sources\Core\Engine.h">
      <Filter>Header Files\Core</Filter>
    </ClInclude>
    <ClInclude Include="Sources\Core\EngineClock.h">
      <Filter>Header Files\Core</Filter>
    </ClInclude>
    <ClInclude Include="Sources\Core\Timer.h">
      <Filter>Header Files\Core</Filter>
    </ClInclude>
    <ClInclude Include="Sources\Core\EngineDLL.h">
      <Filter>Header Files\Core</Filter>
    </ClInclude>
    <ClInclude Include="Sources\System\Resource\ResourceManager.h">
      <Filter>Header Files\System\ResourceManager</Filter>
    </ClInclude>
    <ClInclude Include="Sources\Core\IDPool.h">
      <Filter>Header Files\Core</Filter>
    </ClInclude>
    <ClInclude Include="Sources\System\Resource\Resource.h">
      <Filter>Header Files\System\ResourceManager</Filter>
    </ClInclude>
    <ClInclude Include="Sources\System\ECS\PADObject.h">
      <Filter>Header Files\System\ECS</Filter>
    </ClInclude>
    <ClInclude Include="Sources\System\ECS\Scene.h">
      <Filter>Header Files\System\ECS</Filter>
    </ClInclude>
    <ClInclude Include="Sources\System\ECS\IComponent.h">
      <Filter>Header Files\System\ECS</Filter>
    </ClInclude>
    <ClInclude Include="Sources\System\ECS\Collider.h">
      <Filter>Header Files\System\ECS</Filter>
    </ClInclude>
    <ClInclude Include="Sources\System\ECS\RigidBody.h">
      <Filter>Header Files\System\ECS</Filter>
    </ClInclude>
    <ClInclude Include="Sources\Utilities\Export.h">
      <Filter>Header Files\Utilities</Filter>
    </ClInclude>
    <ClInclude Include="Sources\System\Physics\BulletContext.h">
      <Filter>Header Files\System\Physics</Filter>
    </ClInclude>
    <ClInclude Include="Sources\System\Physics\IPhysicContext.h">
      <Filter>Header Files\System\Physics</Filter>
    </ClInclude>
    <ClInclude Include="Sources\System\ECS\PerspectiveCamera.h">
      <Filter>Header Files\System\ECS</Filter>
    </ClInclude>
    <ClInclude Include="Sources\System\ECS\Camera.h">
      <Filter>Header Files\System\ECS</Filter>
    </ClInclude>
    <ClInclude Include="Sources\System\ECS\MeshRenderer.h">
      <Filter>Header Files\System\ECS</Filter>
    </ClInclude>
    <ClInclude Include="Sources\System\Resource\MasterManager.h">
      <Filter>Header Files\System\ResourceManager</Filter>
    </ClInclude>
    <ClInclude Include="Sources\Graphics\HighLevelRenderer.h">
      <Filter>Header Files\Graphics</Filter>
    </ClInclude>
    <ClInclude Include="Sources\Utilities\Randomizer.h">
      <Filter>Header Files\Utilities</Filter>
    </ClInclude>
  </ItemGroup>
  <ItemGroup>
    <None Include="..\Resources\Shaders\basicColors.frag">
      <Filter>Resources\Shaders</Filter>
    </None>
    <None Include="..\Resources\Shaders\basicPositions.vert">
      <Filter>Resources\Shaders</Filter>
    </None>
  </ItemGroup>
</Project>